<?xml version="1.0" encoding="utf-8"?>
<!--
 |  Copyright (c) 2014-2021 libbitcoin-network developers (see COPYING).
 |
 |         GENERATED SOURCE CODE, DO NOT EDIT EXCEPT EXPERIMENTALLY
 |
 -->
<Project DefaultTargets="Build" ToolsVersion="4.0" xmlns="http://schemas.microsoft.com/developer/msbuild/2003">
  <ItemGroup>
    <Filter Include="src">
      <UniqueIdentifier>{D28FC18A-8B81-4247-0000-000000000000}</UniqueIdentifier>
    </Filter>
    <Filter Include="src\concurrent">
      <UniqueIdentifier>{D28FC18A-8B81-4247-0000-000000000001}</UniqueIdentifier>
    </Filter>
  </ItemGroup>
  <ItemGroup>
    <ClCompile Include="..\..\..\..\test\concurrent\thread.cpp">
      <Filter>src\concurrent</Filter>
    </ClCompile>
    <ClCompile Include="..\..\..\..\test\main.cpp">
      <Filter>src</Filter>
    </ClCompile>
    <ClCompile Include="..\..\..\..\test\p2p.cpp">
      <Filter>src</Filter>
    </ClCompile>
    <ClCompile Include="..\..\..\..\test\test.cpp">
      <Filter>src</Filter>
    </ClCompile>
  </ItemGroup>
  <ItemGroup>
    <ClInclude Include="..\..\..\..\test\test.hpp">
      <Filter>src</Filter>
    </ClInclude>
  </ItemGroup>
  <ItemGroup>
    <None Include="packages.config" />
  </ItemGroup>
  <ItemGroup>
    <Natvis Include="..\..\debug.natvis" />
  </ItemGroup>
</Project>
