<?xml version="1.0" encoding="utf-8"?>
<!--
 |  Copyright (c) 2014-2025 libbitcoin-network developers (see COPYING).
 |
 |         GENERATED SOURCE CODE, DO NOT EDIT EXCEPT EXPERIMENTALLY
 |
 -->
<Project DefaultTargets="Build" ToolsVersion="15.0" xmlns="http://schemas.microsoft.com/developer/msbuild/2003">
  <ItemGroup>
    <Filter Include="include">
      <UniqueIdentifier>{564EB540-D6B6-425C-0000-00000000000E}</UniqueIdentifier>
    </Filter>
    <Filter Include="include\bitcoin">
      <UniqueIdentifier>{564EB540-D6B6-425C-0000-00000000000F}</UniqueIdentifier>
    </Filter>
    <Filter Include="include\bitcoin\network">
      <UniqueIdentifier>{564EB540-D6B6-425C-0000-000000000001}</UniqueIdentifier>
    </Filter>
    <Filter Include="include\bitcoin\network\async">
      <UniqueIdentifier>{564EB540-D6B6-425C-0000-000000000002}</UniqueIdentifier>
    </Filter>
    <Filter Include="include\bitcoin\network\async\races">
      <UniqueIdentifier>{564EB540-D6B6-425C-0000-0000000000C1}</UniqueIdentifier>
    </Filter>
    <Filter Include="include\bitcoin\network\channels">
      <UniqueIdentifier>{564EB540-D6B6-425C-0000-000000000003}</UniqueIdentifier>
    </Filter>
    <Filter Include="include\bitcoin\network\config">
      <UniqueIdentifier>{564EB540-D6B6-425C-0000-000000000004}</UniqueIdentifier>
    </Filter>
    <Filter Include="include\bitcoin\network\impl">
      <UniqueIdentifier>{564EB540-D6B6-425C-0000-000000000005}</UniqueIdentifier>
    </Filter>
    <Filter Include="include\bitcoin\network\impl\async">
      <UniqueIdentifier>{564EB540-D6B6-425C-0000-0000000000D1}</UniqueIdentifier>
    </Filter>
    <Filter Include="include\bitcoin\network\impl\async\races">
      <UniqueIdentifier>{564EB540-D6B6-425C-0000-000000000002}</UniqueIdentifier>
    </Filter>
    <Filter Include="include\bitcoin\network\impl\messages">
      <UniqueIdentifier>{564EB540-D6B6-425C-0000-0000000000E1}</UniqueIdentifier>
    </Filter>
    <Filter Include="include\bitcoin\network\impl\rpc">
      <UniqueIdentifier>{564EB540-D6B6-425C-0000-0000000000F1}</UniqueIdentifier>
    </Filter>
    <Filter Include="include\bitcoin\network\interface">
      <UniqueIdentifier>{564EB540-D6B6-425C-0000-000000000006}</UniqueIdentifier>
    </Filter>
    <Filter Include="include\bitcoin\network\log">
      <UniqueIdentifier>{564EB540-D6B6-425C-0000-000000000007}</UniqueIdentifier>
    </Filter>
    <Filter Include="include\bitcoin\network\messages">
      <UniqueIdentifier>{564EB540-D6B6-425C-0000-000000000008}</UniqueIdentifier>
    </Filter>
    <Filter Include="include\bitcoin\network\messages\http">
      <UniqueIdentifier>{564EB540-D6B6-425C-0000-000000000003}</UniqueIdentifier>
    </Filter>
    <Filter Include="include\bitcoin\network\messages\http\enums">
      <UniqueIdentifier>{564EB540-D6B6-425C-0000-000000000005}</UniqueIdentifier>
    </Filter>
    <Filter Include="include\bitcoin\network\messages\peer">
      <UniqueIdentifier>{564EB540-D6B6-425C-0000-000000000004}</UniqueIdentifier>
    </Filter>
    <Filter Include="include\bitcoin\network\messages\peer\detail">
      <UniqueIdentifier>{564EB540-D6B6-425C-0000-000000000006}</UniqueIdentifier>
    </Filter>
    <Filter Include="include\bitcoin\network\messages\peer\enums">
      <UniqueIdentifier>{564EB540-D6B6-425C-0000-000000000007}</UniqueIdentifier>
    </Filter>
    <Filter Include="include\bitcoin\network\net">
      <UniqueIdentifier>{564EB540-D6B6-425C-0000-000000000009}</UniqueIdentifier>
    </Filter>
    <Filter Include="include\bitcoin\network\protocols">
      <UniqueIdentifier>{564EB540-D6B6-425C-0000-000000000010}</UniqueIdentifier>
    </Filter>
    <Filter Include="include\bitcoin\network\rpc">
      <UniqueIdentifier>{564EB540-D6B6-425C-0000-0000000000A1}</UniqueIdentifier>
    </Filter>
    <Filter Include="include\bitcoin\network\rpc\enums">
      <UniqueIdentifier>{564EB540-D6B6-425C-0000-000000000008}</UniqueIdentifier>
    </Filter>
    <Filter Include="include\bitcoin\network\sessions">
      <UniqueIdentifier>{564EB540-D6B6-425C-0000-0000000000B1}</UniqueIdentifier>
    </Filter>
    <Filter Include="resource">
      <UniqueIdentifier>{564EB540-D6B6-425C-0000-000000000009}</UniqueIdentifier>
    </Filter>
    <Filter Include="src">
      <UniqueIdentifier>{564EB540-D6B6-425C-0000-000000000000}</UniqueIdentifier>
    </Filter>
    <Filter Include="src\async">
      <UniqueIdentifier>{564EB540-D6B6-425C-0000-000000000001}</UniqueIdentifier>
    </Filter>
    <Filter Include="src\channels">
      <UniqueIdentifier>{564EB540-D6B6-425C-0000-000000000002}</UniqueIdentifier>
    </Filter>
    <Filter Include="src\config">
      <UniqueIdentifier>{564EB540-D6B6-425C-0000-000000000003}</UniqueIdentifier>
    </Filter>
    <Filter Include="src\log">
      <UniqueIdentifier>{564EB540-D6B6-425C-0000-000000000004}</UniqueIdentifier>
    </Filter>
    <Filter Include="src\messages">
      <UniqueIdentifier>{564EB540-D6B6-425C-0000-000000000005}</UniqueIdentifier>
    </Filter>
    <Filter Include="src\messages\http">
      <UniqueIdentifier>{564EB540-D6B6-425C-0000-00000000000A}</UniqueIdentifier>
    </Filter>
    <Filter Include="src\messages\http\enums">
      <UniqueIdentifier>{564EB540-D6B6-425C-0000-00000000000C}</UniqueIdentifier>
    </Filter>
    <Filter Include="src\messages\peer">
      <UniqueIdentifier>{564EB540-D6B6-425C-0000-00000000000B}</UniqueIdentifier>
    </Filter>
    <Filter Include="src\messages\peer\detail">
      <UniqueIdentifier>{564EB540-D6B6-425C-0000-00000000000D}</UniqueIdentifier>
    </Filter>
    <Filter Include="src\net">
      <UniqueIdentifier>{564EB540-D6B6-425C-0000-000000000006}</UniqueIdentifier>
    </Filter>
    <Filter Include="src\protocols">
      <UniqueIdentifier>{564EB540-D6B6-425C-0000-000000000007}</UniqueIdentifier>
    </Filter>
    <Filter Include="src\rpc">
      <UniqueIdentifier>{564EB540-D6B6-425C-0000-000000000008}</UniqueIdentifier>
    </Filter>
    <Filter Include="src\sessions">
      <UniqueIdentifier>{564EB540-D6B6-425C-0000-000000000009}</UniqueIdentifier>
    </Filter>
  </ItemGroup>
  <ItemGroup>
    <ClCompile Include="..\..\..\..\src\async\thread.cpp">
      <Filter>src\async</Filter>
    </ClCompile>
    <ClCompile Include="..\..\..\..\src\async\threadpool.cpp">
      <Filter>src\async</Filter>
    </ClCompile>
    <ClCompile Include="..\..\..\..\src\async\time.cpp">
      <Filter>src\async</Filter>
    </ClCompile>
    <ClCompile Include="..\..\..\..\src\channels\channel.cpp">
      <Filter>src\channels</Filter>
    </ClCompile>
    <ClCompile Include="..\..\..\..\src\channels\channel_http.cpp">
      <Filter>src\channels</Filter>
    </ClCompile>
    <ClCompile Include="..\..\..\..\src\channels\channel_peer.cpp">
      <Filter>src\channels</Filter>
    </ClCompile>
    <ClCompile Include="..\..\..\..\src\channels\channel_rpc.cpp">
      <Filter>src\channels</Filter>
    </ClCompile>
    <ClCompile Include="..\..\..\..\src\channels\channel_ws.cpp">
      <Filter>src\channels</Filter>
    </ClCompile>
    <ClCompile Include="..\..\..\..\src\config\address.cpp">
      <Filter>src\config</Filter>
    </ClCompile>
    <ClCompile Include="..\..\..\..\src\config\authority.cpp">
      <Filter>src\config</Filter>
    </ClCompile>
    <ClCompile Include="..\..\..\..\src\config\endpoint.cpp">
      <Filter>src\config</Filter>
    </ClCompile>
    <ClCompile Include="..\..\..\..\src\config\utilities.cpp">
      <Filter>src\config</Filter>
    </ClCompile>
    <ClCompile Include="..\..\..\..\src\error.cpp">
      <Filter>src</Filter>
    </ClCompile>
    <ClCompile Include="..\..\..\..\src\log\capture.cpp">
      <Filter>src\log</Filter>
    </ClCompile>
    <ClCompile Include="..\..\..\..\src\log\logger.cpp">
      <Filter>src\log</Filter>
    </ClCompile>
    <ClCompile Include="..\..\..\..\src\log\reporter.cpp">
      <Filter>src\log</Filter>
    </ClCompile>
    <ClCompile Include="..\..\..\..\src\memory.cpp">
      <Filter>src</Filter>
    </ClCompile>
    <ClCompile Include="..\..\..\..\src\messages\http\enums\media_type.cpp">
      <Filter>src\messages\http\enums</Filter>
    </ClCompile>
    <ClCompile Include="..\..\..\..\src\messages\http\enums\target.cpp">
      <Filter>src\messages\http\enums</Filter>
    </ClCompile>
    <ClCompile Include="..\..\..\..\src\messages\http\fields.cpp">
      <Filter>src\messages\http</Filter>
    </ClCompile>
    <ClCompile Include="..\..\..\..\src\messages\monad_body.cpp">
      <Filter>src\messages</Filter>
    </ClCompile>
    <ClCompile Include="..\..\..\..\src\messages\peer\detail\address.cpp">
      <Filter>src\messages\peer\detail</Filter>
    </ClCompile>
    <ClCompile Include="..\..\..\..\src\messages\peer\detail\address_item.cpp">
      <Filter>src\messages\peer\detail</Filter>
    </ClCompile>
    <ClCompile Include="..\..\..\..\src\messages\peer\detail\alert.cpp">
      <Filter>src\messages\peer\detail</Filter>
    </ClCompile>
    <ClCompile Include="..\..\..\..\src\messages\peer\detail\alert_item.cpp">
      <Filter>src\messages\peer\detail</Filter>
    </ClCompile>
    <ClCompile Include="..\..\..\..\src\messages\peer\detail\block.cpp">
      <Filter>src\messages\peer\detail</Filter>
    </ClCompile>
    <ClCompile Include="..\..\..\..\src\messages\peer\detail\bloom_filter_add.cpp">
      <Filter>src\messages\peer\detail</Filter>
    </ClCompile>
    <ClCompile Include="..\..\..\..\src\messages\peer\detail\bloom_filter_clear.cpp">
      <Filter>src\messages\peer\detail</Filter>
    </ClCompile>
    <ClCompile Include="..\..\..\..\src\messages\peer\detail\bloom_filter_load.cpp">
      <Filter>src\messages\peer\detail</Filter>
    </ClCompile>
    <ClCompile Include="..\..\..\..\src\messages\peer\detail\client_filter.cpp">
      <Filter>src\messages\peer\detail</Filter>
    </ClCompile>
    <ClCompile Include="..\..\..\..\src\messages\peer\detail\client_filter_checkpoint.cpp">
      <Filter>src\messages\peer\detail</Filter>
    </ClCompile>
    <ClCompile Include="..\..\..\..\src\messages\peer\detail\client_filter_headers.cpp">
      <Filter>src\messages\peer\detail</Filter>
    </ClCompile>
    <ClCompile Include="..\..\..\..\src\messages\peer\detail\compact_block.cpp">
      <Filter>src\messages\peer\detail</Filter>
    </ClCompile>
    <ClCompile Include="..\..\..\..\src\messages\peer\detail\compact_block_item.cpp">
      <Filter>src\messages\peer\detail</Filter>
    </ClCompile>
    <ClCompile Include="..\..\..\..\src\messages\peer\detail\compact_transactions.cpp">
      <Filter>src\messages\peer\detail</Filter>
    </ClCompile>
    <ClCompile Include="..\..\..\..\src\messages\peer\detail\fee_filter.cpp">
      <Filter>src\messages\peer\detail</Filter>
    </ClCompile>
    <ClCompile Include="..\..\..\..\src\messages\peer\detail\get_address.cpp">
      <Filter>src\messages\peer\detail</Filter>
    </ClCompile>
    <ClCompile Include="..\..\..\..\src\messages\peer\detail\get_blocks.cpp">
      <Filter>src\messages\peer\detail</Filter>
    </ClCompile>
    <ClCompile Include="..\..\..\..\src\messages\peer\detail\get_client_filter_checkpoint.cpp">
      <Filter>src\messages\peer\detail</Filter>
    </ClCompile>
    <ClCompile Include="..\..\..\..\src\messages\peer\detail\get_client_filter_headers.cpp">
      <Filter>src\messages\peer\detail</Filter>
    </ClCompile>
    <ClCompile Include="..\..\..\..\src\messages\peer\detail\get_client_filters.cpp">
      <Filter>src\messages\peer\detail</Filter>
    </ClCompile>
    <ClCompile Include="..\..\..\..\src\messages\peer\detail\get_compact_transactions.cpp">
      <Filter>src\messages\peer\detail</Filter>
    </ClCompile>
    <ClCompile Include="..\..\..\..\src\messages\peer\detail\get_data.cpp">
      <Filter>src\messages\peer\detail</Filter>
    </ClCompile>
    <ClCompile Include="..\..\..\..\src\messages\peer\detail\get_headers.cpp">
      <Filter>src\messages\peer\detail</Filter>
    </ClCompile>
    <ClCompile Include="..\..\..\..\src\messages\peer\detail\headers.cpp">
      <Filter>src\messages\peer\detail</Filter>
    </ClCompile>
    <ClCompile Include="..\..\..\..\src\messages\peer\detail\heading.cpp">
      <Filter>src\messages\peer\detail</Filter>
    </ClCompile>
    <ClCompile Include="..\..\..\..\src\messages\peer\detail\inventory.cpp">
      <Filter>src\messages\peer\detail</Filter>
    </ClCompile>
    <ClCompile Include="..\..\..\..\src\messages\peer\detail\inventory_item.cpp">
      <Filter>src\messages\peer\detail</Filter>
    </ClCompile>
    <ClCompile Include="..\..\..\..\src\messages\peer\detail\memory_pool.cpp">
      <Filter>src\messages\peer\detail</Filter>
    </ClCompile>
    <ClCompile Include="..\..\..\..\src\messages\peer\detail\merkle_block.cpp">
      <Filter>src\messages\peer\detail</Filter>
    </ClCompile>
    <ClCompile Include="..\..\..\..\src\messages\peer\detail\not_found.cpp">
      <Filter>src\messages\peer\detail</Filter>
    </ClCompile>
    <ClCompile Include="..\..\..\..\src\messages\peer\detail\ping.cpp">
      <Filter>src\messages\peer\detail</Filter>
    </ClCompile>
    <ClCompile Include="..\..\..\..\src\messages\peer\detail\pong.cpp">
      <Filter>src\messages\peer\detail</Filter>
    </ClCompile>
    <ClCompile Include="..\..\..\..\src\messages\peer\detail\reject.cpp">
      <Filter>src\messages\peer\detail</Filter>
    </ClCompile>
    <ClCompile Include="..\..\..\..\src\messages\peer\detail\send_address_v2.cpp">
      <Filter>src\messages\peer\detail</Filter>
    </ClCompile>
    <ClCompile Include="..\..\..\..\src\messages\peer\detail\send_compact.cpp">
      <Filter>src\messages\peer\detail</Filter>
    </ClCompile>
    <ClCompile Include="..\..\..\..\src\messages\peer\detail\send_headers.cpp">
      <Filter>src\messages\peer\detail</Filter>
    </ClCompile>
    <ClCompile Include="..\..\..\..\src\messages\peer\detail\transaction.cpp">
      <Filter>src\messages\peer\detail</Filter>
    </ClCompile>
    <ClCompile Include="..\..\..\..\src\messages\peer\detail\version.cpp">
      <Filter>src\messages\peer\detail</Filter>
    </ClCompile>
    <ClCompile Include="..\..\..\..\src\messages\peer\detail\version_acknowledge.cpp">
      <Filter>src\messages\peer\detail</Filter>
    </ClCompile>
    <ClCompile Include="..\..\..\..\src\messages\peer\detail\witness_tx_id_relay.cpp">
      <Filter>src\messages\peer\detail</Filter>
    </ClCompile>
    <ClCompile Include="..\..\..\..\src\messages\peer\message.cpp">
      <Filter>src\messages\peer</Filter>
    </ClCompile>
    <ClCompile Include="..\..\..\..\src\messages\rpc_body.cpp">
      <Filter>src\messages</Filter>
    </ClCompile>
    <ClCompile Include="..\..\..\..\src\net.cpp">
      <Filter>src</Filter>
    </ClCompile>
    <ClCompile Include="..\..\..\..\src\net\acceptor.cpp">
      <Filter>src\net</Filter>
    </ClCompile>
    <ClCompile Include="..\..\..\..\src\net\connector.cpp">
      <Filter>src\net</Filter>
    </ClCompile>
    <ClCompile Include="..\..\..\..\src\net\deadline.cpp">
      <Filter>src\net</Filter>
    </ClCompile>
    <ClCompile Include="..\..\..\..\src\net\hosts.cpp">
      <Filter>src\net</Filter>
    </ClCompile>
    <ClCompile Include="..\..\..\..\src\net\proxy.cpp">
      <Filter>src\net</Filter>
    </ClCompile>
    <ClCompile Include="..\..\..\..\src\net\socket.cpp">
      <Filter>src\net</Filter>
    </ClCompile>
    <ClCompile Include="..\..\..\..\src\protocols\protocol.cpp">
      <Filter>src\protocols</Filter>
    </ClCompile>
    <ClCompile Include="..\..\..\..\src\protocols\protocol_address_in_209.cpp">
      <Filter>src\protocols</Filter>
    </ClCompile>
    <ClCompile Include="..\..\..\..\src\protocols\protocol_address_out_209.cpp">
      <Filter>src\protocols</Filter>
    </ClCompile>
    <ClCompile Include="..\..\..\..\src\protocols\protocol_alert_311.cpp">
      <Filter>src\protocols</Filter>
    </ClCompile>
    <ClCompile Include="..\..\..\..\src\protocols\protocol_http.cpp">
      <Filter>src\protocols</Filter>
    </ClCompile>
    <ClCompile Include="..\..\..\..\src\protocols\protocol_peer.cpp">
      <Filter>src\protocols</Filter>
    </ClCompile>
    <ClCompile Include="..\..\..\..\src\protocols\protocol_ping_106.cpp">
      <Filter>src\protocols</Filter>
    </ClCompile>
    <ClCompile Include="..\..\..\..\src\protocols\protocol_ping_60001.cpp">
      <Filter>src\protocols</Filter>
    </ClCompile>
    <ClCompile Include="..\..\..\..\src\protocols\protocol_reject_70002.cpp">
      <Filter>src\protocols</Filter>
    </ClCompile>
    <ClCompile Include="..\..\..\..\src\protocols\protocol_seed_209.cpp">
      <Filter>src\protocols</Filter>
    </ClCompile>
    <ClCompile Include="..\..\..\..\src\protocols\protocol_version_106.cpp">
      <Filter>src\protocols</Filter>
    </ClCompile>
    <ClCompile Include="..\..\..\..\src\protocols\protocol_version_70001.cpp">
      <Filter>src\protocols</Filter>
    </ClCompile>
    <ClCompile Include="..\..\..\..\src\protocols\protocol_version_70002.cpp">
      <Filter>src\protocols</Filter>
    </ClCompile>
    <ClCompile Include="..\..\..\..\src\protocols\protocol_version_70016.cpp">
      <Filter>src\protocols</Filter>
    </ClCompile>
    <ClCompile Include="..\..\..\..\src\rpc\model.cpp">
      <Filter>src\rpc</Filter>
    </ClCompile>
    <ClCompile Include="..\..\..\..\src\sessions\session.cpp">
      <Filter>src\sessions</Filter>
    </ClCompile>
    <ClCompile Include="..\..\..\..\src\sessions\session_inbound.cpp">
      <Filter>src\sessions</Filter>
    </ClCompile>
    <ClCompile Include="..\..\..\..\src\sessions\session_manual.cpp">
      <Filter>src\sessions</Filter>
    </ClCompile>
    <ClCompile Include="..\..\..\..\src\sessions\session_outbound.cpp">
      <Filter>src\sessions</Filter>
    </ClCompile>
    <ClCompile Include="..\..\..\..\src\sessions\session_peer.cpp">
      <Filter>src\sessions</Filter>
    </ClCompile>
    <ClCompile Include="..\..\..\..\src\sessions\session_seed.cpp">
      <Filter>src\sessions</Filter>
    </ClCompile>
    <ClCompile Include="..\..\..\..\src\sessions\session_server.cpp">
      <Filter>src\sessions</Filter>
    </ClCompile>
    <ClCompile Include="..\..\..\..\src\settings.cpp">
      <Filter>src</Filter>
    </ClCompile>
  </ItemGroup>
  <ItemGroup>
    <ClInclude Include="..\..\..\..\include\bitcoin\network.hpp">
      <Filter>include\bitcoin</Filter>
    </ClInclude>
    <ClInclude Include="..\..\..\..\include\bitcoin\network\async\asio.hpp">
      <Filter>include\bitcoin\network\async</Filter>
    </ClInclude>
    <ClInclude Include="..\..\..\..\include\bitcoin\network\async\async.hpp">
      <Filter>include\bitcoin\network\async</Filter>
    </ClInclude>
    <ClInclude Include="..\..\..\..\include\bitcoin\network\async\desubscriber.hpp">
      <Filter>include\bitcoin\network\async</Filter>
    </ClInclude>
    <ClInclude Include="..\..\..\..\include\bitcoin\network\async\enable_shared_from_base.hpp">
      <Filter>include\bitcoin\network\async</Filter>
    </ClInclude>
    <ClInclude Include="..\..\..\..\include\bitcoin\network\async\handlers.hpp">
      <Filter>include\bitcoin\network\async</Filter>
    </ClInclude>
    <ClInclude Include="..\..\..\..\include\bitcoin\network\async\races\race_all.hpp">
      <Filter>include\bitcoin\network\async\races</Filter>
    </ClInclude>
    <ClInclude Include="..\..\..\..\include\bitcoin\network\async\races\race_quality.hpp">
      <Filter>include\bitcoin\network\async\races</Filter>
    </ClInclude>
    <ClInclude Include="..\..\..\..\include\bitcoin\network\async\races\race_speed.hpp">
      <Filter>include\bitcoin\network\async\races</Filter>
    </ClInclude>
    <ClInclude Include="..\..\..\..\include\bitcoin\network\async\races\race_unity.hpp">
      <Filter>include\bitcoin\network\async\races</Filter>
    </ClInclude>
    <ClInclude Include="..\..\..\..\include\bitcoin\network\async\races\race_volume.hpp">
      <Filter>include\bitcoin\network\async\races</Filter>
    </ClInclude>
    <ClInclude Include="..\..\..\..\include\bitcoin\network\async\races\races.hpp">
      <Filter>include\bitcoin\network\async\races</Filter>
    </ClInclude>
    <ClInclude Include="..\..\..\..\include\bitcoin\network\async\subscriber.hpp">
      <Filter>include\bitcoin\network\async</Filter>
    </ClInclude>
    <ClInclude Include="..\..\..\..\include\bitcoin\network\async\thread.hpp">
      <Filter>include\bitcoin\network\async</Filter>
    </ClInclude>
    <ClInclude Include="..\..\..\..\include\bitcoin\network\async\threadpool.hpp">
      <Filter>include\bitcoin\network\async</Filter>
    </ClInclude>
    <ClInclude Include="..\..\..\..\include\bitcoin\network\async\time.hpp">
      <Filter>include\bitcoin\network\async</Filter>
    </ClInclude>
    <ClInclude Include="..\..\..\..\include\bitcoin\network\async\unsubscriber.hpp">
      <Filter>include\bitcoin\network\async</Filter>
    </ClInclude>
    <ClInclude Include="..\..\..\..\include\bitcoin\network\beast.hpp">
      <Filter>include\bitcoin\network</Filter>
    </ClInclude>
    <ClInclude Include="..\..\..\..\include\bitcoin\network\boost.hpp">
      <Filter>include\bitcoin\network</Filter>
    </ClInclude>
    <ClInclude Include="..\..\..\..\include\bitcoin\network\channels\channel.hpp">
      <Filter>include\bitcoin\network\channels</Filter>
    </ClInclude>
    <ClInclude Include="..\..\..\..\include\bitcoin\network\channels\channel_http.hpp">
      <Filter>include\bitcoin\network\channels</Filter>
    </ClInclude>
    <ClInclude Include="..\..\..\..\include\bitcoin\network\channels\channel_peer.hpp">
      <Filter>include\bitcoin\network\channels</Filter>
    </ClInclude>
    <ClInclude Include="..\..\..\..\include\bitcoin\network\channels\channel_rpc.hpp">
      <Filter>include\bitcoin\network\channels</Filter>
    </ClInclude>
    <ClInclude Include="..\..\..\..\include\bitcoin\network\channels\channel_ws.hpp">
      <Filter>include\bitcoin\network\channels</Filter>
    </ClInclude>
    <ClInclude Include="..\..\..\..\include\bitcoin\network\channels\channels.hpp">
      <Filter>include\bitcoin\network\channels</Filter>
    </ClInclude>
    <ClInclude Include="..\..\..\..\include\bitcoin\network\config\address.hpp">
      <Filter>include\bitcoin\network\config</Filter>
    </ClInclude>
    <ClInclude Include="..\..\..\..\include\bitcoin\network\config\authority.hpp">
      <Filter>include\bitcoin\network\config</Filter>
    </ClInclude>
    <ClInclude Include="..\..\..\..\include\bitcoin\network\config\config.hpp">
      <Filter>include\bitcoin\network\config</Filter>
    </ClInclude>
    <ClInclude Include="..\..\..\..\include\bitcoin\network\config\endpoint.hpp">
      <Filter>include\bitcoin\network\config</Filter>
    </ClInclude>
    <ClInclude Include="..\..\..\..\include\bitcoin\network\config\utilities.hpp">
      <Filter>include\bitcoin\network\config</Filter>
    </ClInclude>
    <ClInclude Include="..\..\..\..\include\bitcoin\network\define.hpp">
      <Filter>include\bitcoin\network</Filter>
    </ClInclude>
    <ClInclude Include="..\..\..\..\include\bitcoin\network\error.hpp">
      <Filter>include\bitcoin\network</Filter>
    </ClInclude>
    <ClInclude Include="..\..\..\..\include\bitcoin\network\interface\http.hpp">
      <Filter>include\bitcoin\network\interface</Filter>
    </ClInclude>
    <ClInclude Include="..\..\..\..\include\bitcoin\network\interface\interface.hpp">
      <Filter>include\bitcoin\network\interface</Filter>
    </ClInclude>
    <ClInclude Include="..\..\..\..\include\bitcoin\network\interface\peer_broadcast.hpp">
      <Filter>include\bitcoin\network\interface</Filter>
    </ClInclude>
    <ClInclude Include="..\..\..\..\include\bitcoin\network\interface\peer_dispatch.hpp">
      <Filter>include\bitcoin\network\interface</Filter>
    </ClInclude>
    <ClInclude Include="..\..\..\..\include\bitcoin\network\log\capture.hpp">
      <Filter>include\bitcoin\network\log</Filter>
    </ClInclude>
    <ClInclude Include="..\..\..\..\include\bitcoin\network\log\levels.hpp">
      <Filter>include\bitcoin\network\log</Filter>
    </ClInclude>
    <ClInclude Include="..\..\..\..\include\bitcoin\network\log\log.hpp">
      <Filter>include\bitcoin\network\log</Filter>
    </ClInclude>
    <ClInclude Include="..\..\..\..\include\bitcoin\network\log\logger.hpp">
      <Filter>include\bitcoin\network\log</Filter>
    </ClInclude>
    <ClInclude Include="..\..\..\..\include\bitcoin\network\log\reporter.hpp">
      <Filter>include\bitcoin\network\log</Filter>
    </ClInclude>
    <ClInclude Include="..\..\..\..\include\bitcoin\network\log\timer.hpp">
      <Filter>include\bitcoin\network\log</Filter>
    </ClInclude>
    <ClInclude Include="..\..\..\..\include\bitcoin\network\log\tracker.hpp">
      <Filter>include\bitcoin\network\log</Filter>
    </ClInclude>
    <ClInclude Include="..\..\..\..\include\bitcoin\network\memory.hpp">
      <Filter>include\bitcoin\network</Filter>
    </ClInclude>
    <ClInclude Include="..\..\..\..\include\bitcoin\network\messages\http\enums\magic_numbers.hpp">
      <Filter>include\bitcoin\network\messages\http\enums</Filter>
    </ClInclude>
    <ClInclude Include="..\..\..\..\include\bitcoin\network\messages\http\enums\media_type.hpp">
      <Filter>include\bitcoin\network\messages\http\enums</Filter>
    </ClInclude>
    <ClInclude Include="..\..\..\..\include\bitcoin\network\messages\http\enums\status.hpp">
      <Filter>include\bitcoin\network\messages\http\enums</Filter>
    </ClInclude>
    <ClInclude Include="..\..\..\..\include\bitcoin\network\messages\http\enums\target.hpp">
      <Filter>include\bitcoin\network\messages\http\enums</Filter>
    </ClInclude>
    <ClInclude Include="..\..\..\..\include\bitcoin\network\messages\http\enums\verb.hpp">
      <Filter>include\bitcoin\network\messages\http\enums</Filter>
    </ClInclude>
    <ClInclude Include="..\..\..\..\include\bitcoin\network\messages\http\fields.hpp">
      <Filter>include\bitcoin\network\messages\http</Filter>
    </ClInclude>
    <ClInclude Include="..\..\..\..\include\bitcoin\network\messages\http\method.hpp">
      <Filter>include\bitcoin\network\messages\http</Filter>
    </ClInclude>
    <ClInclude Include="..\..\..\..\include\bitcoin\network\messages\json_body.hpp">
      <Filter>include\bitcoin\network\messages</Filter>
    </ClInclude>
    <ClInclude Include="..\..\..\..\include\bitcoin\network\messages\messages.hpp">
      <Filter>include\bitcoin\network\messages</Filter>
    </ClInclude>
    <ClInclude Include="..\..\..\..\include\bitcoin\network\messages\monad_body.hpp">
      <Filter>include\bitcoin\network\messages</Filter>
    </ClInclude>
    <ClInclude Include="..\..\..\..\include\bitcoin\network\messages\peer\detail\address.hpp">
      <Filter>include\bitcoin\network\messages\peer\detail</Filter>
    </ClInclude>
    <ClInclude Include="..\..\..\..\include\bitcoin\network\messages\peer\detail\address_item.hpp">
      <Filter>include\bitcoin\network\messages\peer\detail</Filter>
    </ClInclude>
    <ClInclude Include="..\..\..\..\include\bitcoin\network\messages\peer\detail\alert.hpp">
      <Filter>include\bitcoin\network\messages\peer\detail</Filter>
    </ClInclude>
    <ClInclude Include="..\..\..\..\include\bitcoin\network\messages\peer\detail\alert_item.hpp">
      <Filter>include\bitcoin\network\messages\peer\detail</Filter>
    </ClInclude>
    <ClInclude Include="..\..\..\..\include\bitcoin\network\messages\peer\detail\block.hpp">
      <Filter>include\bitcoin\network\messages\peer\detail</Filter>
    </ClInclude>
    <ClInclude Include="..\..\..\..\include\bitcoin\network\messages\peer\detail\bloom_filter_add.hpp">
      <Filter>include\bitcoin\network\messages\peer\detail</Filter>
    </ClInclude>
    <ClInclude Include="..\..\..\..\include\bitcoin\network\messages\peer\detail\bloom_filter_clear.hpp">
      <Filter>include\bitcoin\network\messages\peer\detail</Filter>
    </ClInclude>
    <ClInclude Include="..\..\..\..\include\bitcoin\network\messages\peer\detail\bloom_filter_load.hpp">
      <Filter>include\bitcoin\network\messages\peer\detail</Filter>
    </ClInclude>
    <ClInclude Include="..\..\..\..\include\bitcoin\network\messages\peer\detail\client_filter.hpp">
      <Filter>include\bitcoin\network\messages\peer\detail</Filter>
    </ClInclude>
    <ClInclude Include="..\..\..\..\include\bitcoin\network\messages\peer\detail\client_filter_checkpoint.hpp">
      <Filter>include\bitcoin\network\messages\peer\detail</Filter>
    </ClInclude>
    <ClInclude Include="..\..\..\..\include\bitcoin\network\messages\peer\detail\client_filter_headers.hpp">
      <Filter>include\bitcoin\network\messages\peer\detail</Filter>
    </ClInclude>
    <ClInclude Include="..\..\..\..\include\bitcoin\network\messages\peer\detail\compact_block.hpp">
      <Filter>include\bitcoin\network\messages\peer\detail</Filter>
    </ClInclude>
    <ClInclude Include="..\..\..\..\include\bitcoin\network\messages\peer\detail\compact_block_item.hpp">
      <Filter>include\bitcoin\network\messages\peer\detail</Filter>
    </ClInclude>
    <ClInclude Include="..\..\..\..\include\bitcoin\network\messages\peer\detail\compact_transactions.hpp">
      <Filter>include\bitcoin\network\messages\peer\detail</Filter>
    </ClInclude>
    <ClInclude Include="..\..\..\..\include\bitcoin\network\messages\peer\detail\fee_filter.hpp">
      <Filter>include\bitcoin\network\messages\peer\detail</Filter>
    </ClInclude>
    <ClInclude Include="..\..\..\..\include\bitcoin\network\messages\peer\detail\get_address.hpp">
      <Filter>include\bitcoin\network\messages\peer\detail</Filter>
    </ClInclude>
    <ClInclude Include="..\..\..\..\include\bitcoin\network\messages\peer\detail\get_blocks.hpp">
      <Filter>include\bitcoin\network\messages\peer\detail</Filter>
    </ClInclude>
    <ClInclude Include="..\..\..\..\include\bitcoin\network\messages\peer\detail\get_client_filter_checkpoint.hpp">
      <Filter>include\bitcoin\network\messages\peer\detail</Filter>
    </ClInclude>
    <ClInclude Include="..\..\..\..\include\bitcoin\network\messages\peer\detail\get_client_filter_headers.hpp">
      <Filter>include\bitcoin\network\messages\peer\detail</Filter>
    </ClInclude>
    <ClInclude Include="..\..\..\..\include\bitcoin\network\messages\peer\detail\get_client_filters.hpp">
      <Filter>include\bitcoin\network\messages\peer\detail</Filter>
    </ClInclude>
    <ClInclude Include="..\..\..\..\include\bitcoin\network\messages\peer\detail\get_compact_transactions.hpp">
      <Filter>include\bitcoin\network\messages\peer\detail</Filter>
    </ClInclude>
    <ClInclude Include="..\..\..\..\include\bitcoin\network\messages\peer\detail\get_data.hpp">
      <Filter>include\bitcoin\network\messages\peer\detail</Filter>
    </ClInclude>
    <ClInclude Include="..\..\..\..\include\bitcoin\network\messages\peer\detail\get_headers.hpp">
      <Filter>include\bitcoin\network\messages\peer\detail</Filter>
    </ClInclude>
    <ClInclude Include="..\..\..\..\include\bitcoin\network\messages\peer\detail\headers.hpp">
      <Filter>include\bitcoin\network\messages\peer\detail</Filter>
    </ClInclude>
    <ClInclude Include="..\..\..\..\include\bitcoin\network\messages\peer\detail\inventory.hpp">
      <Filter>include\bitcoin\network\messages\peer\detail</Filter>
    </ClInclude>
    <ClInclude Include="..\..\..\..\include\bitcoin\network\messages\peer\detail\inventory_item.hpp">
      <Filter>include\bitcoin\network\messages\peer\detail</Filter>
    </ClInclude>
    <ClInclude Include="..\..\..\..\include\bitcoin\network\messages\peer\detail\memory_pool.hpp">
      <Filter>include\bitcoin\network\messages\peer\detail</Filter>
    </ClInclude>
    <ClInclude Include="..\..\..\..\include\bitcoin\network\messages\peer\detail\merkle_block.hpp">
      <Filter>include\bitcoin\network\messages\peer\detail</Filter>
    </ClInclude>
    <ClInclude Include="..\..\..\..\include\bitcoin\network\messages\peer\detail\not_found.hpp">
      <Filter>include\bitcoin\network\messages\peer\detail</Filter>
    </ClInclude>
    <ClInclude Include="..\..\..\..\include\bitcoin\network\messages\peer\detail\ping.hpp">
      <Filter>include\bitcoin\network\messages\peer\detail</Filter>
    </ClInclude>
    <ClInclude Include="..\..\..\..\include\bitcoin\network\messages\peer\detail\pong.hpp">
      <Filter>include\bitcoin\network\messages\peer\detail</Filter>
    </ClInclude>
    <ClInclude Include="..\..\..\..\include\bitcoin\network\messages\peer\detail\reject.hpp">
      <Filter>include\bitcoin\network\messages\peer\detail</Filter>
    </ClInclude>
    <ClInclude Include="..\..\..\..\include\bitcoin\network\messages\peer\detail\send_address_v2.hpp">
      <Filter>include\bitcoin\network\messages\peer\detail</Filter>
    </ClInclude>
    <ClInclude Include="..\..\..\..\include\bitcoin\network\messages\peer\detail\send_compact.hpp">
      <Filter>include\bitcoin\network\messages\peer\detail</Filter>
    </ClInclude>
    <ClInclude Include="..\..\..\..\include\bitcoin\network\messages\peer\detail\send_headers.hpp">
      <Filter>include\bitcoin\network\messages\peer\detail</Filter>
    </ClInclude>
    <ClInclude Include="..\..\..\..\include\bitcoin\network\messages\peer\detail\transaction.hpp">
      <Filter>include\bitcoin\network\messages\peer\detail</Filter>
    </ClInclude>
    <ClInclude Include="..\..\..\..\include\bitcoin\network\messages\peer\detail\version.hpp">
      <Filter>include\bitcoin\network\messages\peer\detail</Filter>
    </ClInclude>
    <ClInclude Include="..\..\..\..\include\bitcoin\network\messages\peer\detail\version_acknowledge.hpp">
      <Filter>include\bitcoin\network\messages\peer\detail</Filter>
    </ClInclude>
    <ClInclude Include="..\..\..\..\include\bitcoin\network\messages\peer\detail\witness_tx_id_relay.hpp">
      <Filter>include\bitcoin\network\messages\peer\detail</Filter>
    </ClInclude>
    <ClInclude Include="..\..\..\..\include\bitcoin\network\messages\peer\enums\identifier.hpp">
      <Filter>include\bitcoin\network\messages\peer\enums</Filter>
    </ClInclude>
    <ClInclude Include="..\..\..\..\include\bitcoin\network\messages\peer\enums\level.hpp">
      <Filter>include\bitcoin\network\messages\peer\enums</Filter>
    </ClInclude>
    <ClInclude Include="..\..\..\..\include\bitcoin\network\messages\peer\enums\magic_numbers.hpp">
      <Filter>include\bitcoin\network\messages\peer\enums</Filter>
    </ClInclude>
    <ClInclude Include="..\..\..\..\include\bitcoin\network\messages\peer\enums\service.hpp">
      <Filter>include\bitcoin\network\messages\peer\enums</Filter>
    </ClInclude>
    <ClInclude Include="..\..\..\..\include\bitcoin\network\messages\peer\heading.hpp">
      <Filter>include\bitcoin\network\messages\peer</Filter>
    </ClInclude>
    <ClInclude Include="..\..\..\..\include\bitcoin\network\messages\peer\message.hpp">
      <Filter>include\bitcoin\network\messages\peer</Filter>
    </ClInclude>
    <ClInclude Include="..\..\..\..\include\bitcoin\network\messages\peer\peer.hpp">
      <Filter>include\bitcoin\network\messages\peer</Filter>
    </ClInclude>
    <ClInclude Include="..\..\..\..\include\bitcoin\network\messages\rpc_body.hpp">
      <Filter>include\bitcoin\network\messages</Filter>
    </ClInclude>
    <ClInclude Include="..\..\..\..\include\bitcoin\network\net.hpp">
      <Filter>include\bitcoin\network</Filter>
    </ClInclude>
    <ClInclude Include="..\..\..\..\include\bitcoin\network\net\acceptor.hpp">
      <Filter>include\bitcoin\network\net</Filter>
    </ClInclude>
    <ClInclude Include="..\..\..\..\include\bitcoin\network\net\connector.hpp">
      <Filter>include\bitcoin\network\net</Filter>
    </ClInclude>
    <ClInclude Include="..\..\..\..\include\bitcoin\network\net\deadline.hpp">
      <Filter>include\bitcoin\network\net</Filter>
    </ClInclude>
    <ClInclude Include="..\..\..\..\include\bitcoin\network\net\hosts.hpp">
      <Filter>include\bitcoin\network\net</Filter>
    </ClInclude>
    <ClInclude Include="..\..\..\..\include\bitcoin\network\net\net.hpp">
      <Filter>include\bitcoin\network\net</Filter>
    </ClInclude>
    <ClInclude Include="..\..\..\..\include\bitcoin\network\net\proxy.hpp">
      <Filter>include\bitcoin\network\net</Filter>
    </ClInclude>
    <ClInclude Include="..\..\..\..\include\bitcoin\network\net\socket.hpp">
      <Filter>include\bitcoin\network\net</Filter>
    </ClInclude>
    <ClInclude Include="..\..\..\..\include\bitcoin\network\protocols\protocol.hpp">
      <Filter>include\bitcoin\network\protocols</Filter>
    </ClInclude>
    <ClInclude Include="..\..\..\..\include\bitcoin\network\protocols\protocol_address_in_209.hpp">
      <Filter>include\bitcoin\network\protocols</Filter>
    </ClInclude>
    <ClInclude Include="..\..\..\..\include\bitcoin\network\protocols\protocol_address_out_209.hpp">
      <Filter>include\bitcoin\network\protocols</Filter>
    </ClInclude>
    <ClInclude Include="..\..\..\..\include\bitcoin\network\protocols\protocol_alert_311.hpp">
      <Filter>include\bitcoin\network\protocols</Filter>
    </ClInclude>
    <ClInclude Include="..\..\..\..\include\bitcoin\network\protocols\protocol_http.hpp">
      <Filter>include\bitcoin\network\protocols</Filter>
    </ClInclude>
    <ClInclude Include="..\..\..\..\include\bitcoin\network\protocols\protocol_peer.hpp">
      <Filter>include\bitcoin\network\protocols</Filter>
    </ClInclude>
    <ClInclude Include="..\..\..\..\include\bitcoin\network\protocols\protocol_ping_106.hpp">
      <Filter>include\bitcoin\network\protocols</Filter>
    </ClInclude>
    <ClInclude Include="..\..\..\..\include\bitcoin\network\protocols\protocol_ping_60001.hpp">
      <Filter>include\bitcoin\network\protocols</Filter>
    </ClInclude>
    <ClInclude Include="..\..\..\..\include\bitcoin\network\protocols\protocol_reject_70002.hpp">
      <Filter>include\bitcoin\network\protocols</Filter>
    </ClInclude>
    <ClInclude Include="..\..\..\..\include\bitcoin\network\protocols\protocol_rpc.hpp">
      <Filter>include\bitcoin\network\protocols</Filter>
    </ClInclude>
    <ClInclude Include="..\..\..\..\include\bitcoin\network\protocols\protocol_seed_209.hpp">
      <Filter>include\bitcoin\network\protocols</Filter>
    </ClInclude>
    <ClInclude Include="..\..\..\..\include\bitcoin\network\protocols\protocol_version_106.hpp">
      <Filter>include\bitcoin\network\protocols</Filter>
    </ClInclude>
    <ClInclude Include="..\..\..\..\include\bitcoin\network\protocols\protocol_version_70001.hpp">
      <Filter>include\bitcoin\network\protocols</Filter>
    </ClInclude>
    <ClInclude Include="..\..\..\..\include\bitcoin\network\protocols\protocol_version_70002.hpp">
      <Filter>include\bitcoin\network\protocols</Filter>
    </ClInclude>
    <ClInclude Include="..\..\..\..\include\bitcoin\network\protocols\protocol_version_70016.hpp">
      <Filter>include\bitcoin\network\protocols</Filter>
    </ClInclude>
    <ClInclude Include="..\..\..\..\include\bitcoin\network\protocols\protocol_ws.hpp">
      <Filter>include\bitcoin\network\protocols</Filter>
    </ClInclude>
    <ClInclude Include="..\..\..\..\include\bitcoin\network\protocols\protocols.hpp">
      <Filter>include\bitcoin\network\protocols</Filter>
    </ClInclude>
    <ClInclude Include="..\..\..\..\include\bitcoin\network\rpc\any.hpp">
      <Filter>include\bitcoin\network\rpc</Filter>
    </ClInclude>
    <ClInclude Include="..\..\..\..\include\bitcoin\network\rpc\broadcaster.hpp">
      <Filter>include\bitcoin\network\rpc</Filter>
    </ClInclude>
    <ClInclude Include="..\..\..\..\include\bitcoin\network\rpc\dispatcher.hpp">
      <Filter>include\bitcoin\network\rpc</Filter>
    </ClInclude>
    <ClInclude Include="..\..\..\..\include\bitcoin\network\rpc\enums\grouping.hpp">
      <Filter>include\bitcoin\network\rpc\enums</Filter>
    </ClInclude>
    <ClInclude Include="..\..\..\..\include\bitcoin\network\rpc\enums\version.hpp">
      <Filter>include\bitcoin\network\rpc\enums</Filter>
    </ClInclude>
    <ClInclude Include="..\..\..\..\include\bitcoin\network\rpc\method.hpp">
      <Filter>include\bitcoin\network\rpc</Filter>
    </ClInclude>
    <ClInclude Include="..\..\..\..\include\bitcoin\network\rpc\model.hpp">
      <Filter>include\bitcoin\network\rpc</Filter>
    </ClInclude>
    <ClInclude Include="..\..\..\..\include\bitcoin\network\rpc\publish.hpp">
      <Filter>include\bitcoin\network\rpc</Filter>
    </ClInclude>
    <ClInclude Include="..\..\..\..\include\bitcoin\network\rpc\rpc.hpp">
      <Filter>include\bitcoin\network\rpc</Filter>
    </ClInclude>
    <ClInclude Include="..\..\..\..\include\bitcoin\network\rpc\types.hpp">
      <Filter>include\bitcoin\network\rpc</Filter>
    </ClInclude>
    <ClInclude Include="..\..\..\..\include\bitcoin\network\sessions\session.hpp">
      <Filter>include\bitcoin\network\sessions</Filter>
    </ClInclude>
    <ClInclude Include="..\..\..\..\include\bitcoin\network\sessions\session_inbound.hpp">
      <Filter>include\bitcoin\network\sessions</Filter>
    </ClInclude>
    <ClInclude Include="..\..\..\..\include\bitcoin\network\sessions\session_manual.hpp">
      <Filter>include\bitcoin\network\sessions</Filter>
    </ClInclude>
    <ClInclude Include="..\..\..\..\include\bitcoin\network\sessions\session_outbound.hpp">
      <Filter>include\bitcoin\network\sessions</Filter>
    </ClInclude>
    <ClInclude Include="..\..\..\..\include\bitcoin\network\sessions\session_peer.hpp">
      <Filter>include\bitcoin\network\sessions</Filter>
    </ClInclude>
    <ClInclude Include="..\..\..\..\include\bitcoin\network\sessions\session_seed.hpp">
      <Filter>include\bitcoin\network\sessions</Filter>
    </ClInclude>
    <ClInclude Include="..\..\..\..\include\bitcoin\network\sessions\session_server.hpp">
      <Filter>include\bitcoin\network\sessions</Filter>
    </ClInclude>
    <ClInclude Include="..\..\..\..\include\bitcoin\network\sessions\sessions.hpp">
      <Filter>include\bitcoin\network\sessions</Filter>
    </ClInclude>
    <ClInclude Include="..\..\..\..\include\bitcoin\network\settings.hpp">
      <Filter>include\bitcoin\network</Filter>
    </ClInclude>
    <ClInclude Include="..\..\..\..\include\bitcoin\network\version.hpp">
      <Filter>include\bitcoin\network</Filter>
    </ClInclude>
  </ItemGroup>
  <ItemGroup>
    <None Include="..\..\..\..\include\bitcoin\network\impl\async\desubscriber.ipp">
      <Filter>include\bitcoin\network\impl\async</Filter>
    </None>
    <None Include="..\..\..\..\include\bitcoin\network\impl\async\enable_shared_from_base.ipp">
      <Filter>include\bitcoin\network\impl\async</Filter>
    </None>
    <None Include="..\..\..\..\include\bitcoin\network\impl\async\races\race_all.ipp">
      <Filter>include\bitcoin\network\impl\async\races</Filter>
    </None>
    <None Include="..\..\..\..\include\bitcoin\network\impl\async\races\race_quality.ipp">
      <Filter>include\bitcoin\network\impl\async\races</Filter>
    </None>
    <None Include="..\..\..\..\include\bitcoin\network\impl\async\races\race_speed.ipp">
      <Filter>include\bitcoin\network\impl\async\races</Filter>
    </None>
    <None Include="..\..\..\..\include\bitcoin\network\impl\async\races\race_unity.ipp">
      <Filter>include\bitcoin\network\impl\async\races</Filter>
    </None>
    <None Include="..\..\..\..\include\bitcoin\network\impl\async\races\race_volume.ipp">
      <Filter>include\bitcoin\network\impl\async\races</Filter>
    </None>
    <None Include="..\..\..\..\include\bitcoin\network\impl\async\subscriber.ipp">
      <Filter>include\bitcoin\network\impl\async</Filter>
    </None>
    <None Include="..\..\..\..\include\bitcoin\network\impl\async\unsubscriber.ipp">
      <Filter>include\bitcoin\network\impl\async</Filter>
    </None>
    <None Include="..\..\..\..\include\bitcoin\network\impl\messages\json_body.ipp">
      <Filter>include\bitcoin\network\impl\messages</Filter>
    </None>
    <None Include="..\..\..\..\include\bitcoin\network\impl\rpc\broadcaster.ipp">
      <Filter>include\bitcoin\network\impl\rpc</Filter>
    </None>
    <None Include="..\..\..\..\include\bitcoin\network\impl\rpc\dispatcher.ipp">
      <Filter>include\bitcoin\network\impl\rpc</Filter>
    </None>
    <None Include="packages.config" />
  </ItemGroup>
  <ItemGroup>
    <Natvis Include="..\..\debug.natvis" />
  </ItemGroup>
</Project>
