<?xml version="1.0" encoding="utf-8"?>
<!--
 |  Copyright (c) 2014-2025 libbitcoin-network developers (see COPYING).
 |
 |         GENERATED SOURCE CODE, DO NOT EDIT EXCEPT EXPERIMENTALLY
 |
 -->
<Project DefaultTargets="Build" ToolsVersion="15.0" xmlns="http://schemas.microsoft.com/developer/msbuild/2003">
  <ItemGroup>
    <Filter Include="include">
      <UniqueIdentifier>{564EB540-D6B6-425C-0000-000000000006}</UniqueIdentifier>
    </Filter>
    <Filter Include="include\bitcoin">
      <UniqueIdentifier>{564EB540-D6B6-425C-0000-000000000007}</UniqueIdentifier>
    </Filter>
    <Filter Include="include\bitcoin\network">
      <UniqueIdentifier>{564EB540-D6B6-425C-0000-000000000008}</UniqueIdentifier>
    </Filter>
    <Filter Include="include\bitcoin\network\async">
      <UniqueIdentifier>{564EB540-D6B6-425C-0000-000000000009}</UniqueIdentifier>
    </Filter>
    <Filter Include="include\bitcoin\network\async\races">
      <UniqueIdentifier>{564EB540-D6B6-425C-0000-000000000004}</UniqueIdentifier>
    </Filter>
    <Filter Include="include\bitcoin\network\channels">
      <UniqueIdentifier>{564EB540-D6B6-425C-0000-000000000010}</UniqueIdentifier>
    </Filter>
    <Filter Include="include\bitcoin\network\config">
      <UniqueIdentifier>{564EB540-D6B6-425C-0000-0000000000A1}</UniqueIdentifier>
    </Filter>
    <Filter Include="include\bitcoin\network\impl">
      <UniqueIdentifier>{564EB540-D6B6-425C-0000-0000000000B1}</UniqueIdentifier>
    </Filter>
    <Filter Include="include\bitcoin\network\impl\async">
      <UniqueIdentifier>{564EB540-D6B6-425C-0000-000000000005}</UniqueIdentifier>
    </Filter>
    <Filter Include="include\bitcoin\network\impl\async\races">
      <UniqueIdentifier>{564EB540-D6B6-425C-0000-000000000009}</UniqueIdentifier>
    </Filter>
    <Filter Include="include\bitcoin\network\impl\channels">
      <UniqueIdentifier>{564EB540-D6B6-425C-0000-000000000006}</UniqueIdentifier>
    </Filter>
    <Filter Include="include\bitcoin\network\impl\messages">
      <UniqueIdentifier>{564EB540-D6B6-425C-0000-000000000007}</UniqueIdentifier>
    </Filter>
    <Filter Include="include\bitcoin\network\impl\messages\rpc">
      <UniqueIdentifier>{564EB540-D6B6-425C-0000-000000000010}</UniqueIdentifier>
    </Filter>
    <Filter Include="include\bitcoin\network\impl\protocols">
      <UniqueIdentifier>{564EB540-D6B6-425C-0000-000000000008}</UniqueIdentifier>
    </Filter>
    <Filter Include="include\bitcoin\network\interfaces">
      <UniqueIdentifier>{564EB540-D6B6-425C-0000-0000000000C1}</UniqueIdentifier>
    </Filter>
    <Filter Include="include\bitcoin\network\log">
      <UniqueIdentifier>{564EB540-D6B6-425C-0000-0000000000D1}</UniqueIdentifier>
    </Filter>
    <Filter Include="include\bitcoin\network\messages">
      <UniqueIdentifier>{564EB540-D6B6-425C-0000-0000000000E1}</UniqueIdentifier>
    </Filter>
    <Filter Include="include\bitcoin\network\messages\http">
      <UniqueIdentifier>{564EB540-D6B6-425C-0000-000000000011}</UniqueIdentifier>
    </Filter>
    <Filter Include="include\bitcoin\network\messages\http\enums">
      <UniqueIdentifier>{564EB540-D6B6-425C-0000-0000000000C2}</UniqueIdentifier>
    </Filter>
    <Filter Include="include\bitcoin\network\messages\peer">
      <UniqueIdentifier>{564EB540-D6B6-425C-0000-0000000000A2}</UniqueIdentifier>
    </Filter>
    <Filter Include="include\bitcoin\network\messages\peer\detail">
      <UniqueIdentifier>{564EB540-D6B6-425C-0000-0000000000D2}</UniqueIdentifier>
    </Filter>
    <Filter Include="include\bitcoin\network\messages\peer\enums">
      <UniqueIdentifier>{564EB540-D6B6-425C-0000-0000000000E2}</UniqueIdentifier>
    </Filter>
    <Filter Include="include\bitcoin\network\messages\rpc">
      <UniqueIdentifier>{564EB540-D6B6-425C-0000-0000000000B2}</UniqueIdentifier>
    </Filter>
    <Filter Include="include\bitcoin\network\messages\rpc\enums">
      <UniqueIdentifier>{564EB540-D6B6-425C-0000-0000000000F2}</UniqueIdentifier>
    </Filter>
    <Filter Include="include\bitcoin\network\net">
      <UniqueIdentifier>{564EB540-D6B6-425C-0000-0000000000F1}</UniqueIdentifier>
    </Filter>
    <Filter Include="include\bitcoin\network\protocols">
      <UniqueIdentifier>{564EB540-D6B6-425C-0000-000000000002}</UniqueIdentifier>
    </Filter>
    <Filter Include="include\bitcoin\network\sessions">
      <UniqueIdentifier>{564EB540-D6B6-425C-0000-000000000003}</UniqueIdentifier>
    </Filter>
    <Filter Include="resource">
      <UniqueIdentifier>{564EB540-D6B6-425C-0000-000000000003}</UniqueIdentifier>
    </Filter>
    <Filter Include="src">
      <UniqueIdentifier>{564EB540-D6B6-425C-0000-000000000000}</UniqueIdentifier>
    </Filter>
    <Filter Include="src\async">
      <UniqueIdentifier>{564EB540-D6B6-425C-0000-000000000001}</UniqueIdentifier>
    </Filter>
    <Filter Include="src\channels">
      <UniqueIdentifier>{564EB540-D6B6-425C-0000-000000000002}</UniqueIdentifier>
    </Filter>
    <Filter Include="src\config">
      <UniqueIdentifier>{564EB540-D6B6-425C-0000-000000000003}</UniqueIdentifier>
    </Filter>
    <Filter Include="src\log">
      <UniqueIdentifier>{564EB540-D6B6-425C-0000-000000000004}</UniqueIdentifier>
    </Filter>
    <Filter Include="src\messages">
      <UniqueIdentifier>{564EB540-D6B6-425C-0000-000000000005}</UniqueIdentifier>
    </Filter>
    <Filter Include="src\messages\http">
      <UniqueIdentifier>{564EB540-D6B6-425C-0000-00000000000A}</UniqueIdentifier>
    </Filter>
    <Filter Include="src\messages\http\enums">
      <UniqueIdentifier>{564EB540-D6B6-425C-0000-00000000000D}</UniqueIdentifier>
    </Filter>
    <Filter Include="src\messages\peer">
      <UniqueIdentifier>{564EB540-D6B6-425C-0000-00000000000B}</UniqueIdentifier>
    </Filter>
    <Filter Include="src\messages\peer\detail">
      <UniqueIdentifier>{564EB540-D6B6-425C-0000-00000000000E}</UniqueIdentifier>
    </Filter>
    <Filter Include="src\messages\rpc">
      <UniqueIdentifier>{564EB540-D6B6-425C-0000-00000000000C}</UniqueIdentifier>
    </Filter>
    <Filter Include="src\net">
      <UniqueIdentifier>{564EB540-D6B6-425C-0000-000000000006}</UniqueIdentifier>
    </Filter>
    <Filter Include="src\protocols">
      <UniqueIdentifier>{564EB540-D6B6-425C-0000-000000000007}</UniqueIdentifier>
    </Filter>
    <Filter Include="src\sessions">
      <UniqueIdentifier>{564EB540-D6B6-425C-0000-000000000008}</UniqueIdentifier>
    </Filter>
    <Filter Include="src\wolfssl">
      <UniqueIdentifier>{564EB540-D6B6-425C-0000-000000000009}</UniqueIdentifier>
    </Filter>
    <Filter Include="src\wolfssl\src">
      <UniqueIdentifier>{564EB540-D6B6-425C-0000-00000000000F}</UniqueIdentifier>
    </Filter>
    <Filter Include="src\wolfssl\wolfcrypt">
      <UniqueIdentifier>{564EB540-D6B6-425C-0000-000000000001}</UniqueIdentifier>
    </Filter>
    <Filter Include="src\wolfssl\wolfcrypt\src">
      <UniqueIdentifier>{564EB540-D6B6-425C-0000-000000000003}</UniqueIdentifier>
    </Filter>
    <Filter Include="src\wolfssl\wolfssl">
      <UniqueIdentifier>{564EB540-D6B6-425C-0000-000000000002}</UniqueIdentifier>
    </Filter>
    <Filter Include="src\wolfssl\wolfssl\openssl">
      <UniqueIdentifier>{564EB540-D6B6-425C-0000-000000000004}</UniqueIdentifier>
    </Filter>
    <Filter Include="src\wolfssl\wolfssl\wolfcrypt">
      <UniqueIdentifier>{564EB540-D6B6-425C-0000-000000000005}</UniqueIdentifier>
    </Filter>
  </ItemGroup>
  <ItemGroup>
    <ClCompile Include="..\..\..\..\src\async\thread.cpp">
      <Filter>src\async</Filter>
    </ClCompile>
    <ClCompile Include="..\..\..\..\src\async\threadpool.cpp">
      <Filter>src\async</Filter>
    </ClCompile>
    <ClCompile Include="..\..\..\..\src\async\time.cpp">
      <Filter>src\async</Filter>
    </ClCompile>
    <ClCompile Include="..\..\..\..\src\channels\channel.cpp">
      <Filter>src\channels</Filter>
    </ClCompile>
    <ClCompile Include="..\..\..\..\src\channels\channel_http.cpp">
      <Filter>src\channels</Filter>
    </ClCompile>
    <ClCompile Include="..\..\..\..\src\channels\channel_peer.cpp">
      <Filter>src\channels</Filter>
    </ClCompile>
    <ClCompile Include="..\..\..\..\src\channels\channel_ws.cpp">
      <Filter>src\channels</Filter>
    </ClCompile>
    <ClCompile Include="..\..\..\..\src\config\address.cpp">
      <Filter>src\config</Filter>
    </ClCompile>
    <ClCompile Include="..\..\..\..\src\config\authority.cpp">
      <Filter>src\config</Filter>
    </ClCompile>
    <ClCompile Include="..\..\..\..\src\config\endpoint.cpp">
      <Filter>src\config</Filter>
    </ClCompile>
    <ClCompile Include="..\..\..\..\src\config\utilities.cpp">
      <Filter>src\config</Filter>
    </ClCompile>
    <ClCompile Include="..\..\..\..\src\error.cpp">
      <Filter>src</Filter>
    </ClCompile>
    <ClCompile Include="..\..\..\..\src\log\capture.cpp">
      <Filter>src\log</Filter>
    </ClCompile>
    <ClCompile Include="..\..\..\..\src\log\logger.cpp">
      <Filter>src\log</Filter>
    </ClCompile>
    <ClCompile Include="..\..\..\..\src\log\reporter.cpp">
      <Filter>src\log</Filter>
    </ClCompile>
    <ClCompile Include="..\..\..\..\src\memory.cpp">
      <Filter>src</Filter>
    </ClCompile>
    <ClCompile Include="..\..\..\..\src\messages\http\enums\media_type.cpp">
      <Filter>src\messages\http\enums</Filter>
    </ClCompile>
    <ClCompile Include="..\..\..\..\src\messages\http\enums\target.cpp">
      <Filter>src\messages\http\enums</Filter>
    </ClCompile>
    <ClCompile Include="..\..\..\..\src\messages\http\fields.cpp">
      <Filter>src\messages\http</Filter>
    </ClCompile>
    <ClCompile Include="..\..\..\..\src\messages\http_body.cpp">
      <Filter>src\messages</Filter>
    </ClCompile>
    <ClCompile Include="..\..\..\..\src\messages\peer\detail\address.cpp">
      <Filter>src\messages\peer\detail</Filter>
    </ClCompile>
    <ClCompile Include="..\..\..\..\src\messages\peer\detail\address_item.cpp">
      <Filter>src\messages\peer\detail</Filter>
    </ClCompile>
    <ClCompile Include="..\..\..\..\src\messages\peer\detail\alert.cpp">
      <Filter>src\messages\peer\detail</Filter>
    </ClCompile>
    <ClCompile Include="..\..\..\..\src\messages\peer\detail\alert_item.cpp">
      <Filter>src\messages\peer\detail</Filter>
    </ClCompile>
    <ClCompile Include="..\..\..\..\src\messages\peer\detail\block.cpp">
      <Filter>src\messages\peer\detail</Filter>
    </ClCompile>
    <ClCompile Include="..\..\..\..\src\messages\peer\detail\bloom_filter_add.cpp">
      <Filter>src\messages\peer\detail</Filter>
    </ClCompile>
    <ClCompile Include="..\..\..\..\src\messages\peer\detail\bloom_filter_clear.cpp">
      <Filter>src\messages\peer\detail</Filter>
    </ClCompile>
    <ClCompile Include="..\..\..\..\src\messages\peer\detail\bloom_filter_load.cpp">
      <Filter>src\messages\peer\detail</Filter>
    </ClCompile>
    <ClCompile Include="..\..\..\..\src\messages\peer\detail\client_filter.cpp">
      <Filter>src\messages\peer\detail</Filter>
    </ClCompile>
    <ClCompile Include="..\..\..\..\src\messages\peer\detail\client_filter_checkpoint.cpp">
      <Filter>src\messages\peer\detail</Filter>
    </ClCompile>
    <ClCompile Include="..\..\..\..\src\messages\peer\detail\client_filter_headers.cpp">
      <Filter>src\messages\peer\detail</Filter>
    </ClCompile>
    <ClCompile Include="..\..\..\..\src\messages\peer\detail\compact_block.cpp">
      <Filter>src\messages\peer\detail</Filter>
    </ClCompile>
    <ClCompile Include="..\..\..\..\src\messages\peer\detail\compact_block_item.cpp">
      <Filter>src\messages\peer\detail</Filter>
    </ClCompile>
    <ClCompile Include="..\..\..\..\src\messages\peer\detail\compact_transactions.cpp">
      <Filter>src\messages\peer\detail</Filter>
    </ClCompile>
    <ClCompile Include="..\..\..\..\src\messages\peer\detail\fee_filter.cpp">
      <Filter>src\messages\peer\detail</Filter>
    </ClCompile>
    <ClCompile Include="..\..\..\..\src\messages\peer\detail\get_address.cpp">
      <Filter>src\messages\peer\detail</Filter>
    </ClCompile>
    <ClCompile Include="..\..\..\..\src\messages\peer\detail\get_blocks.cpp">
      <Filter>src\messages\peer\detail</Filter>
    </ClCompile>
    <ClCompile Include="..\..\..\..\src\messages\peer\detail\get_client_filter_checkpoint.cpp">
      <Filter>src\messages\peer\detail</Filter>
    </ClCompile>
    <ClCompile Include="..\..\..\..\src\messages\peer\detail\get_client_filter_headers.cpp">
      <Filter>src\messages\peer\detail</Filter>
    </ClCompile>
    <ClCompile Include="..\..\..\..\src\messages\peer\detail\get_client_filters.cpp">
      <Filter>src\messages\peer\detail</Filter>
    </ClCompile>
    <ClCompile Include="..\..\..\..\src\messages\peer\detail\get_compact_transactions.cpp">
      <Filter>src\messages\peer\detail</Filter>
    </ClCompile>
    <ClCompile Include="..\..\..\..\src\messages\peer\detail\get_data.cpp">
      <Filter>src\messages\peer\detail</Filter>
    </ClCompile>
    <ClCompile Include="..\..\..\..\src\messages\peer\detail\get_headers.cpp">
      <Filter>src\messages\peer\detail</Filter>
    </ClCompile>
    <ClCompile Include="..\..\..\..\src\messages\peer\detail\headers.cpp">
      <Filter>src\messages\peer\detail</Filter>
    </ClCompile>
    <ClCompile Include="..\..\..\..\src\messages\peer\detail\heading.cpp">
      <Filter>src\messages\peer\detail</Filter>
    </ClCompile>
    <ClCompile Include="..\..\..\..\src\messages\peer\detail\inventory.cpp">
      <Filter>src\messages\peer\detail</Filter>
    </ClCompile>
    <ClCompile Include="..\..\..\..\src\messages\peer\detail\inventory_item.cpp">
      <Filter>src\messages\peer\detail</Filter>
    </ClCompile>
    <ClCompile Include="..\..\..\..\src\messages\peer\detail\memory_pool.cpp">
      <Filter>src\messages\peer\detail</Filter>
    </ClCompile>
    <ClCompile Include="..\..\..\..\src\messages\peer\detail\merkle_block.cpp">
      <Filter>src\messages\peer\detail</Filter>
    </ClCompile>
    <ClCompile Include="..\..\..\..\src\messages\peer\detail\not_found.cpp">
      <Filter>src\messages\peer\detail</Filter>
    </ClCompile>
    <ClCompile Include="..\..\..\..\src\messages\peer\detail\ping.cpp">
      <Filter>src\messages\peer\detail</Filter>
    </ClCompile>
    <ClCompile Include="..\..\..\..\src\messages\peer\detail\pong.cpp">
      <Filter>src\messages\peer\detail</Filter>
    </ClCompile>
    <ClCompile Include="..\..\..\..\src\messages\peer\detail\reject.cpp">
      <Filter>src\messages\peer\detail</Filter>
    </ClCompile>
    <ClCompile Include="..\..\..\..\src\messages\peer\detail\send_address_v2.cpp">
      <Filter>src\messages\peer\detail</Filter>
    </ClCompile>
    <ClCompile Include="..\..\..\..\src\messages\peer\detail\send_compact.cpp">
      <Filter>src\messages\peer\detail</Filter>
    </ClCompile>
    <ClCompile Include="..\..\..\..\src\messages\peer\detail\send_headers.cpp">
      <Filter>src\messages\peer\detail</Filter>
    </ClCompile>
    <ClCompile Include="..\..\..\..\src\messages\peer\detail\transaction.cpp">
      <Filter>src\messages\peer\detail</Filter>
    </ClCompile>
    <ClCompile Include="..\..\..\..\src\messages\peer\detail\version.cpp">
      <Filter>src\messages\peer\detail</Filter>
    </ClCompile>
    <ClCompile Include="..\..\..\..\src\messages\peer\detail\version_acknowledge.cpp">
      <Filter>src\messages\peer\detail</Filter>
    </ClCompile>
    <ClCompile Include="..\..\..\..\src\messages\peer\detail\witness_tx_id_relay.cpp">
      <Filter>src\messages\peer\detail</Filter>
    </ClCompile>
    <ClCompile Include="..\..\..\..\src\messages\peer\message.cpp">
      <Filter>src\messages\peer</Filter>
    </ClCompile>
    <ClCompile Include="..\..\..\..\src\messages\rpc\body.cpp">
      <Filter>src\messages\rpc</Filter>
    </ClCompile>
    <ClCompile Include="..\..\..\..\src\messages\rpc\model.cpp">
      <Filter>src\messages\rpc</Filter>
    </ClCompile>
    <ClCompile Include="..\..\..\..\src\net.cpp">
      <Filter>src</Filter>
    </ClCompile>
    <ClCompile Include="..\..\..\..\src\net\acceptor.cpp">
      <Filter>src\net</Filter>
    </ClCompile>
    <ClCompile Include="..\..\..\..\src\net\connector.cpp">
      <Filter>src\net</Filter>
    </ClCompile>
    <ClCompile Include="..\..\..\..\src\net\connector_socks.cpp">
      <Filter>src\net</Filter>
    </ClCompile>
    <ClCompile Include="..\..\..\..\src\net\deadline.cpp">
      <Filter>src\net</Filter>
    </ClCompile>
    <ClCompile Include="..\..\..\..\src\net\hosts.cpp">
      <Filter>src\net</Filter>
    </ClCompile>
    <ClCompile Include="..\..\..\..\src\net\proxy.cpp">
      <Filter>src\net</Filter>
    </ClCompile>
    <ClCompile Include="..\..\..\..\src\net\socket.cpp">
      <Filter>src\net</Filter>
    </ClCompile>
    <ClCompile Include="..\..\..\..\src\protocols\protocol.cpp">
      <Filter>src\protocols</Filter>
    </ClCompile>
    <ClCompile Include="..\..\..\..\src\protocols\protocol_address_in_209.cpp">
      <Filter>src\protocols</Filter>
    </ClCompile>
    <ClCompile Include="..\..\..\..\src\protocols\protocol_address_out_209.cpp">
      <Filter>src\protocols</Filter>
    </ClCompile>
    <ClCompile Include="..\..\..\..\src\protocols\protocol_alert_311.cpp">
      <Filter>src\protocols</Filter>
    </ClCompile>
    <ClCompile Include="..\..\..\..\src\protocols\protocol_http.cpp">
      <Filter>src\protocols</Filter>
    </ClCompile>
    <ClCompile Include="..\..\..\..\src\protocols\protocol_peer.cpp">
      <Filter>src\protocols</Filter>
    </ClCompile>
    <ClCompile Include="..\..\..\..\src\protocols\protocol_ping_106.cpp">
      <Filter>src\protocols</Filter>
    </ClCompile>
    <ClCompile Include="..\..\..\..\src\protocols\protocol_ping_60001.cpp">
      <Filter>src\protocols</Filter>
    </ClCompile>
    <ClCompile Include="..\..\..\..\src\protocols\protocol_reject_70002.cpp">
      <Filter>src\protocols</Filter>
    </ClCompile>
    <ClCompile Include="..\..\..\..\src\protocols\protocol_seed_209.cpp">
      <Filter>src\protocols</Filter>
    </ClCompile>
    <ClCompile Include="..\..\..\..\src\protocols\protocol_version_106.cpp">
      <Filter>src\protocols</Filter>
    </ClCompile>
    <ClCompile Include="..\..\..\..\src\protocols\protocol_version_70001.cpp">
      <Filter>src\protocols</Filter>
    </ClCompile>
    <ClCompile Include="..\..\..\..\src\protocols\protocol_version_70002.cpp">
      <Filter>src\protocols</Filter>
    </ClCompile>
    <ClCompile Include="..\..\..\..\src\protocols\protocol_version_70016.cpp">
      <Filter>src\protocols</Filter>
    </ClCompile>
    <ClCompile Include="..\..\..\..\src\sessions\session.cpp">
      <Filter>src\sessions</Filter>
    </ClCompile>
    <ClCompile Include="..\..\..\..\src\sessions\session_inbound.cpp">
      <Filter>src\sessions</Filter>
    </ClCompile>
    <ClCompile Include="..\..\..\..\src\sessions\session_manual.cpp">
      <Filter>src\sessions</Filter>
    </ClCompile>
    <ClCompile Include="..\..\..\..\src\sessions\session_outbound.cpp">
      <Filter>src\sessions</Filter>
    </ClCompile>
    <ClCompile Include="..\..\..\..\src\sessions\session_peer.cpp">
      <Filter>src\sessions</Filter>
    </ClCompile>
    <ClCompile Include="..\..\..\..\src\sessions\session_seed.cpp">
      <Filter>src\sessions</Filter>
    </ClCompile>
    <ClCompile Include="..\..\..\..\src\sessions\session_server.cpp">
      <Filter>src\sessions</Filter>
    </ClCompile>
    <ClCompile Include="..\..\..\..\src\settings.cpp">
      <Filter>src</Filter>
    </ClCompile>
    <ClCompile Include="..\..\..\..\src\wolfssl\src\bio.c">
      <Filter>src\wolfssl\src</Filter>
    </ClCompile>
    <ClCompile Include="..\..\..\..\src\wolfssl\src\conf.c">
      <Filter>src\wolfssl\src</Filter>
    </ClCompile>
    <ClCompile Include="..\..\..\..\src\wolfssl\src\crl.c">
      <Filter>src\wolfssl\src</Filter>
    </ClCompile>
    <ClCompile Include="..\..\..\..\src\wolfssl\src\dtls.c">
      <Filter>src\wolfssl\src</Filter>
    </ClCompile>
    <ClCompile Include="..\..\..\..\src\wolfssl\src\dtls13.c">
      <Filter>src\wolfssl\src</Filter>
    </ClCompile>
    <ClCompile Include="..\..\..\..\src\wolfssl\src\internal.c">
      <Filter>src\wolfssl\src</Filter>
    </ClCompile>
    <ClCompile Include="..\..\..\..\src\wolfssl\src\keys.c">
      <Filter>src\wolfssl\src</Filter>
    </ClCompile>
    <ClCompile Include="..\..\..\..\src\wolfssl\src\ocsp.c">
      <Filter>src\wolfssl\src</Filter>
    </ClCompile>
    <ClCompile Include="..\..\..\..\src\wolfssl\src\pk.c">
      <Filter>src\wolfssl\src</Filter>
    </ClCompile>
    <ClCompile Include="..\..\..\..\src\wolfssl\src\quic.c">
      <Filter>src\wolfssl\src</Filter>
    </ClCompile>
    <ClCompile Include="..\..\..\..\src\wolfssl\src\sniffer.c">
      <Filter>src\wolfssl\src</Filter>
    </ClCompile>
    <ClCompile Include="..\..\..\..\src\wolfssl\src\ssl.c">
      <Filter>src\wolfssl\src</Filter>
    </ClCompile>
    <ClCompile Include="..\..\..\..\src\wolfssl\src\ssl_asn1.c">
      <Filter>src\wolfssl\src</Filter>
    </ClCompile>
    <ClCompile Include="..\..\..\..\src\wolfssl\src\ssl_bn.c">
      <Filter>src\wolfssl\src</Filter>
    </ClCompile>
    <ClCompile Include="..\..\..\..\src\wolfssl\src\ssl_certman.c">
      <Filter>src\wolfssl\src</Filter>
    </ClCompile>
    <ClCompile Include="..\..\..\..\src\wolfssl\src\ssl_crypto.c">
      <Filter>src\wolfssl\src</Filter>
    </ClCompile>
    <ClCompile Include="..\..\..\..\src\wolfssl\src\ssl_load.c">
      <Filter>src\wolfssl\src</Filter>
    </ClCompile>
    <ClCompile Include="..\..\..\..\src\wolfssl\src\ssl_misc.c">
      <Filter>src\wolfssl\src</Filter>
    </ClCompile>
    <ClCompile Include="..\..\..\..\src\wolfssl\src\ssl_p7p12.c">
      <Filter>src\wolfssl\src</Filter>
    </ClCompile>
    <ClCompile Include="..\..\..\..\src\wolfssl\src\ssl_sess.c">
      <Filter>src\wolfssl\src</Filter>
    </ClCompile>
    <ClCompile Include="..\..\..\..\src\wolfssl\src\ssl_sk.c">
      <Filter>src\wolfssl\src</Filter>
    </ClCompile>
    <ClCompile Include="..\..\..\..\src\wolfssl\src\tls.c">
      <Filter>src\wolfssl\src</Filter>
    </ClCompile>
    <ClCompile Include="..\..\..\..\src\wolfssl\src\tls13.c">
      <Filter>src\wolfssl\src</Filter>
    </ClCompile>
    <ClCompile Include="..\..\..\..\src\wolfssl\src\wolfio.c">
      <Filter>src\wolfssl\src</Filter>
    </ClCompile>
    <ClCompile Include="..\..\..\..\src\wolfssl\src\x509.c">
      <Filter>src\wolfssl\src</Filter>
    </ClCompile>
    <ClCompile Include="..\..\..\..\src\wolfssl\src\x509_str.c">
      <Filter>src\wolfssl\src</Filter>
    </ClCompile>
    <ClCompile Include="..\..\..\..\src\wolfssl\wolfcrypt\src\aes.c">
      <Filter>src\wolfssl\wolfcrypt\src</Filter>
    </ClCompile>
    <ClCompile Include="..\..\..\..\src\wolfssl\wolfcrypt\src\arc4.c">
      <Filter>src\wolfssl\wolfcrypt\src</Filter>
    </ClCompile>
    <ClCompile Include="..\..\..\..\src\wolfssl\wolfcrypt\src\ascon.c">
      <Filter>src\wolfssl\wolfcrypt\src</Filter>
    </ClCompile>
    <ClCompile Include="..\..\..\..\src\wolfssl\wolfcrypt\src\asm.c">
      <Filter>src\wolfssl\wolfcrypt\src</Filter>
    </ClCompile>
    <ClCompile Include="..\..\..\..\src\wolfssl\wolfcrypt\src\asn.c">
      <Filter>src\wolfssl\wolfcrypt\src</Filter>
    </ClCompile>
    <ClCompile Include="..\..\..\..\src\wolfssl\wolfcrypt\src\blake2b.c">
      <Filter>src\wolfssl\wolfcrypt\src</Filter>
    </ClCompile>
    <ClCompile Include="..\..\..\..\src\wolfssl\wolfcrypt\src\blake2s.c">
      <Filter>src\wolfssl\wolfcrypt\src</Filter>
    </ClCompile>
    <ClCompile Include="..\..\..\..\src\wolfssl\wolfcrypt\src\camellia.c">
      <Filter>src\wolfssl\wolfcrypt\src</Filter>
    </ClCompile>
    <ClCompile Include="..\..\..\..\src\wolfssl\wolfcrypt\src\chacha.c">
      <Filter>src\wolfssl\wolfcrypt\src</Filter>
    </ClCompile>
    <ClCompile Include="..\..\..\..\src\wolfssl\wolfcrypt\src\chacha20_poly1305.c">
      <Filter>src\wolfssl\wolfcrypt\src</Filter>
    </ClCompile>
    <ClCompile Include="..\..\..\..\src\wolfssl\wolfcrypt\src\cmac.c">
      <Filter>src\wolfssl\wolfcrypt\src</Filter>
    </ClCompile>
    <ClCompile Include="..\..\..\..\src\wolfssl\wolfcrypt\src\coding.c">
      <Filter>src\wolfssl\wolfcrypt\src</Filter>
    </ClCompile>
    <ClCompile Include="..\..\..\..\src\wolfssl\wolfcrypt\src\compress.c">
      <Filter>src\wolfssl\wolfcrypt\src</Filter>
    </ClCompile>
    <ClCompile Include="..\..\..\..\src\wolfssl\wolfcrypt\src\cpuid.c">
      <Filter>src\wolfssl\wolfcrypt\src</Filter>
    </ClCompile>
    <ClCompile Include="..\..\..\..\src\wolfssl\wolfcrypt\src\cryptocb.c">
      <Filter>src\wolfssl\wolfcrypt\src</Filter>
    </ClCompile>
    <ClCompile Include="..\..\..\..\src\wolfssl\wolfcrypt\src\curve25519.c">
      <Filter>src\wolfssl\wolfcrypt\src</Filter>
    </ClCompile>
    <ClCompile Include="..\..\..\..\src\wolfssl\wolfcrypt\src\curve448.c">
      <Filter>src\wolfssl\wolfcrypt\src</Filter>
    </ClCompile>
    <ClCompile Include="..\..\..\..\src\wolfssl\wolfcrypt\src\des3.c">
      <Filter>src\wolfssl\wolfcrypt\src</Filter>
    </ClCompile>
    <ClCompile Include="..\..\..\..\src\wolfssl\wolfcrypt\src\dh.c">
      <Filter>src\wolfssl\wolfcrypt\src</Filter>
    </ClCompile>
    <ClCompile Include="..\..\..\..\src\wolfssl\wolfcrypt\src\dilithium.c">
      <Filter>src\wolfssl\wolfcrypt\src</Filter>
    </ClCompile>
    <ClCompile Include="..\..\..\..\src\wolfssl\wolfcrypt\src\dsa.c">
      <Filter>src\wolfssl\wolfcrypt\src</Filter>
    </ClCompile>
    <ClCompile Include="..\..\..\..\src\wolfssl\wolfcrypt\src\ecc.c">
      <Filter>src\wolfssl\wolfcrypt\src</Filter>
    </ClCompile>
    <ClCompile Include="..\..\..\..\src\wolfssl\wolfcrypt\src\eccsi.c">
      <Filter>src\wolfssl\wolfcrypt\src</Filter>
    </ClCompile>
    <ClCompile Include="..\..\..\..\src\wolfssl\wolfcrypt\src\ed25519.c">
      <Filter>src\wolfssl\wolfcrypt\src</Filter>
    </ClCompile>
    <ClCompile Include="..\..\..\..\src\wolfssl\wolfcrypt\src\ed448.c">
      <Filter>src\wolfssl\wolfcrypt\src</Filter>
    </ClCompile>
    <ClCompile Include="..\..\..\..\src\wolfssl\wolfcrypt\src\error1.c">
      <Filter>src\wolfssl\wolfcrypt\src</Filter>
    </ClCompile>
    <ClCompile Include="..\..\..\..\src\wolfssl\wolfcrypt\src\evp.c">
      <Filter>src\wolfssl\wolfcrypt\src</Filter>
    </ClCompile>
    <ClCompile Include="..\..\..\..\src\wolfssl\wolfcrypt\src\ext_lms.c">
      <Filter>src\wolfssl\wolfcrypt\src</Filter>
    </ClCompile>
    <ClCompile Include="..\..\..\..\src\wolfssl\wolfcrypt\src\ext_mlkem.c">
      <Filter>src\wolfssl\wolfcrypt\src</Filter>
    </ClCompile>
    <ClCompile Include="..\..\..\..\src\wolfssl\wolfcrypt\src\ext_xmss.c">
      <Filter>src\wolfssl\wolfcrypt\src</Filter>
    </ClCompile>
    <ClCompile Include="..\..\..\..\src\wolfssl\wolfcrypt\src\falcon.c">
      <Filter>src\wolfssl\wolfcrypt\src</Filter>
    </ClCompile>
    <ClCompile Include="..\..\..\..\src\wolfssl\wolfcrypt\src\fe_448.c">
      <Filter>src\wolfssl\wolfcrypt\src</Filter>
    </ClCompile>
    <ClCompile Include="..\..\..\..\src\wolfssl\wolfcrypt\src\fe_low_mem.c">
      <Filter>src\wolfssl\wolfcrypt\src</Filter>
    </ClCompile>
    <ClCompile Include="..\..\..\..\src\wolfssl\wolfcrypt\src\fe_operations.c">
      <Filter>src\wolfssl\wolfcrypt\src</Filter>
    </ClCompile>
    <ClCompile Include="..\..\..\..\src\wolfssl\wolfcrypt\src\ge_448.c">
      <Filter>src\wolfssl\wolfcrypt\src</Filter>
    </ClCompile>
    <ClCompile Include="..\..\..\..\src\wolfssl\wolfcrypt\src\ge_low_mem.c">
      <Filter>src\wolfssl\wolfcrypt\src</Filter>
    </ClCompile>
    <ClCompile Include="..\..\..\..\src\wolfssl\wolfcrypt\src\ge_operations.c">
      <Filter>src\wolfssl\wolfcrypt\src</Filter>
    </ClCompile>
    <ClCompile Include="..\..\..\..\src\wolfssl\wolfcrypt\src\hash.c">
      <Filter>src\wolfssl\wolfcrypt\src</Filter>
    </ClCompile>
    <ClCompile Include="..\..\..\..\src\wolfssl\wolfcrypt\src\hmac.c">
      <Filter>src\wolfssl\wolfcrypt\src</Filter>
    </ClCompile>
    <ClCompile Include="..\..\..\..\src\wolfssl\wolfcrypt\src\hpke.c">
      <Filter>src\wolfssl\wolfcrypt\src</Filter>
    </ClCompile>
    <ClCompile Include="..\..\..\..\src\wolfssl\wolfcrypt\src\integer.c">
      <Filter>src\wolfssl\wolfcrypt\src</Filter>
    </ClCompile>
    <ClCompile Include="..\..\..\..\src\wolfssl\wolfcrypt\src\kdf.c">
      <Filter>src\wolfssl\wolfcrypt\src</Filter>
    </ClCompile>
    <ClCompile Include="..\..\..\..\src\wolfssl\wolfcrypt\src\logging.c">
      <Filter>src\wolfssl\wolfcrypt\src</Filter>
    </ClCompile>
    <ClCompile Include="..\..\..\..\src\wolfssl\wolfcrypt\src\md2.c">
      <Filter>src\wolfssl\wolfcrypt\src</Filter>
    </ClCompile>
    <ClCompile Include="..\..\..\..\src\wolfssl\wolfcrypt\src\md4.c">
      <Filter>src\wolfssl\wolfcrypt\src</Filter>
    </ClCompile>
    <ClCompile Include="..\..\..\..\src\wolfssl\wolfcrypt\src\md5.c">
      <Filter>src\wolfssl\wolfcrypt\src</Filter>
    </ClCompile>
    <ClCompile Include="..\..\..\..\src\wolfssl\wolfcrypt\src\memory1.c">
      <Filter>src\wolfssl\wolfcrypt\src</Filter>
    </ClCompile>
    <ClCompile Include="..\..\..\..\src\wolfssl\wolfcrypt\src\misc.c">
      <Filter>src\wolfssl\wolfcrypt\src</Filter>
    </ClCompile>
    <ClCompile Include="..\..\..\..\src\wolfssl\wolfcrypt\src\pkcs12.c">
      <Filter>src\wolfssl\wolfcrypt\src</Filter>
    </ClCompile>
    <ClCompile Include="..\..\..\..\src\wolfssl\wolfcrypt\src\pkcs7.c">
      <Filter>src\wolfssl\wolfcrypt\src</Filter>
    </ClCompile>
    <ClCompile Include="..\..\..\..\src\wolfssl\wolfcrypt\src\poly1305.c">
      <Filter>src\wolfssl\wolfcrypt\src</Filter>
    </ClCompile>
    <ClCompile Include="..\..\..\..\src\wolfssl\wolfcrypt\src\pwdbased.c">
      <Filter>src\wolfssl\wolfcrypt\src</Filter>
    </ClCompile>
    <ClCompile Include="..\..\..\..\src\wolfssl\wolfcrypt\src\random.c">
      <Filter>src\wolfssl\wolfcrypt\src</Filter>
    </ClCompile>
    <ClCompile Include="..\..\..\..\src\wolfssl\wolfcrypt\src\rc2.c">
      <Filter>src\wolfssl\wolfcrypt\src</Filter>
    </ClCompile>
    <ClCompile Include="..\..\..\..\src\wolfssl\wolfcrypt\src\ripemd.c">
      <Filter>src\wolfssl\wolfcrypt\src</Filter>
    </ClCompile>
    <ClCompile Include="..\..\..\..\src\wolfssl\wolfcrypt\src\rsa.c">
      <Filter>src\wolfssl\wolfcrypt\src</Filter>
    </ClCompile>
    <ClCompile Include="..\..\..\..\src\wolfssl\wolfcrypt\src\sakke.c">
      <Filter>src\wolfssl\wolfcrypt\src</Filter>
    </ClCompile>
    <ClCompile Include="..\..\..\..\src\wolfssl\wolfcrypt\src\sha.c">
      <Filter>src\wolfssl\wolfcrypt\src</Filter>
    </ClCompile>
    <ClCompile Include="..\..\..\..\src\wolfssl\wolfcrypt\src\sha256.c">
      <Filter>src\wolfssl\wolfcrypt\src</Filter>
    </ClCompile>
    <ClCompile Include="..\..\..\..\src\wolfssl\wolfcrypt\src\sha3.c">
      <Filter>src\wolfssl\wolfcrypt\src</Filter>
    </ClCompile>
    <ClCompile Include="..\..\..\..\src\wolfssl\wolfcrypt\src\sha512.c">
      <Filter>src\wolfssl\wolfcrypt\src</Filter>
    </ClCompile>
    <ClCompile Include="..\..\..\..\src\wolfssl\wolfcrypt\src\signature.c">
      <Filter>src\wolfssl\wolfcrypt\src</Filter>
    </ClCompile>
    <ClCompile Include="..\..\..\..\src\wolfssl\wolfcrypt\src\siphash.c">
      <Filter>src\wolfssl\wolfcrypt\src</Filter>
    </ClCompile>
    <ClCompile Include="..\..\..\..\src\wolfssl\wolfcrypt\src\sp_arm32.c">
      <Filter>src\wolfssl\wolfcrypt\src</Filter>
    </ClCompile>
    <ClCompile Include="..\..\..\..\src\wolfssl\wolfcrypt\src\sp_arm64.c">
      <Filter>src\wolfssl\wolfcrypt\src</Filter>
    </ClCompile>
    <ClCompile Include="..\..\..\..\src\wolfssl\wolfcrypt\src\sp_armthumb.c">
      <Filter>src\wolfssl\wolfcrypt\src</Filter>
    </ClCompile>
    <ClCompile Include="..\..\..\..\src\wolfssl\wolfcrypt\src\sp_c32.c">
      <Filter>src\wolfssl\wolfcrypt\src</Filter>
    </ClCompile>
    <ClCompile Include="..\..\..\..\src\wolfssl\wolfcrypt\src\sp_c64.c">
      <Filter>src\wolfssl\wolfcrypt\src</Filter>
    </ClCompile>
    <ClCompile Include="..\..\..\..\src\wolfssl\wolfcrypt\src\sp_cortexm.c">
      <Filter>src\wolfssl\wolfcrypt\src</Filter>
    </ClCompile>
    <ClCompile Include="..\..\..\..\src\wolfssl\wolfcrypt\src\sp_dsp32.c">
      <Filter>src\wolfssl\wolfcrypt\src</Filter>
    </ClCompile>
    <ClCompile Include="..\..\..\..\src\wolfssl\wolfcrypt\src\sp_int.c">
      <Filter>src\wolfssl\wolfcrypt\src</Filter>
    </ClCompile>
    <ClCompile Include="..\..\..\..\src\wolfssl\wolfcrypt\src\sp_x86_64.c">
      <Filter>src\wolfssl\wolfcrypt\src</Filter>
    </ClCompile>
    <ClCompile Include="..\..\..\..\src\wolfssl\wolfcrypt\src\sphincs.c">
      <Filter>src\wolfssl\wolfcrypt\src</Filter>
    </ClCompile>
    <ClCompile Include="..\..\..\..\src\wolfssl\wolfcrypt\src\srp.c">
      <Filter>src\wolfssl\wolfcrypt\src</Filter>
    </ClCompile>
    <ClCompile Include="..\..\..\..\src\wolfssl\wolfcrypt\src\tfm.c">
      <Filter>src\wolfssl\wolfcrypt\src</Filter>
    </ClCompile>
    <ClCompile Include="..\..\..\..\src\wolfssl\wolfcrypt\src\wc_dsp.c">
      <Filter>src\wolfssl\wolfcrypt\src</Filter>
    </ClCompile>
    <ClCompile Include="..\..\..\..\src\wolfssl\wolfcrypt\src\wc_encrypt.c">
      <Filter>src\wolfssl\wolfcrypt\src</Filter>
    </ClCompile>
    <ClCompile Include="..\..\..\..\src\wolfssl\wolfcrypt\src\wc_lms.c">
      <Filter>src\wolfssl\wolfcrypt\src</Filter>
    </ClCompile>
    <ClCompile Include="..\..\..\..\src\wolfssl\wolfcrypt\src\wc_lms_impl.c">
      <Filter>src\wolfssl\wolfcrypt\src</Filter>
    </ClCompile>
    <ClCompile Include="..\..\..\..\src\wolfssl\wolfcrypt\src\wc_mlkem.c">
      <Filter>src\wolfssl\wolfcrypt\src</Filter>
    </ClCompile>
    <ClCompile Include="..\..\..\..\src\wolfssl\wolfcrypt\src\wc_mlkem_poly.c">
      <Filter>src\wolfssl\wolfcrypt\src</Filter>
    </ClCompile>
    <ClCompile Include="..\..\..\..\src\wolfssl\wolfcrypt\src\wc_pkcs11.c">
      <Filter>src\wolfssl\wolfcrypt\src</Filter>
    </ClCompile>
    <ClCompile Include="..\..\..\..\src\wolfssl\wolfcrypt\src\wc_port.c">
      <Filter>src\wolfssl\wolfcrypt\src</Filter>
    </ClCompile>
    <ClCompile Include="..\..\..\..\src\wolfssl\wolfcrypt\src\wc_xmss.c">
      <Filter>src\wolfssl\wolfcrypt\src</Filter>
    </ClCompile>
    <ClCompile Include="..\..\..\..\src\wolfssl\wolfcrypt\src\wc_xmss_impl.c">
      <Filter>src\wolfssl\wolfcrypt\src</Filter>
    </ClCompile>
    <ClCompile Include="..\..\..\..\src\wolfssl\wolfcrypt\src\wolfevent.c">
      <Filter>src\wolfssl\wolfcrypt\src</Filter>
    </ClCompile>
    <ClCompile Include="..\..\..\..\src\wolfssl\wolfcrypt\src\wolfmath.c">
      <Filter>src\wolfssl\wolfcrypt\src</Filter>
    </ClCompile>
  </ItemGroup>
  <ItemGroup>
    <ClInclude Include="..\..\..\..\include\bitcoin\network.hpp">
      <Filter>include\bitcoin</Filter>
    </ClInclude>
    <ClInclude Include="..\..\..\..\include\bitcoin\network\async\asio.hpp">
      <Filter>include\bitcoin\network\async</Filter>
    </ClInclude>
    <ClInclude Include="..\..\..\..\include\bitcoin\network\async\async.hpp">
      <Filter>include\bitcoin\network\async</Filter>
    </ClInclude>
    <ClInclude Include="..\..\..\..\include\bitcoin\network\async\desubscriber.hpp">
      <Filter>include\bitcoin\network\async</Filter>
    </ClInclude>
    <ClInclude Include="..\..\..\..\include\bitcoin\network\async\enable_shared_from_base.hpp">
      <Filter>include\bitcoin\network\async</Filter>
    </ClInclude>
    <ClInclude Include="..\..\..\..\include\bitcoin\network\async\handlers.hpp">
      <Filter>include\bitcoin\network\async</Filter>
    </ClInclude>
    <ClInclude Include="..\..\..\..\include\bitcoin\network\async\races\race_all.hpp">
      <Filter>include\bitcoin\network\async\races</Filter>
    </ClInclude>
    <ClInclude Include="..\..\..\..\include\bitcoin\network\async\races\race_quality.hpp">
      <Filter>include\bitcoin\network\async\races</Filter>
    </ClInclude>
    <ClInclude Include="..\..\..\..\include\bitcoin\network\async\races\race_speed.hpp">
      <Filter>include\bitcoin\network\async\races</Filter>
    </ClInclude>
    <ClInclude Include="..\..\..\..\include\bitcoin\network\async\races\race_unity.hpp">
      <Filter>include\bitcoin\network\async\races</Filter>
    </ClInclude>
    <ClInclude Include="..\..\..\..\include\bitcoin\network\async\races\race_volume.hpp">
      <Filter>include\bitcoin\network\async\races</Filter>
    </ClInclude>
    <ClInclude Include="..\..\..\..\include\bitcoin\network\async\races\races.hpp">
      <Filter>include\bitcoin\network\async\races</Filter>
    </ClInclude>
    <ClInclude Include="..\..\..\..\include\bitcoin\network\async\subscriber.hpp">
      <Filter>include\bitcoin\network\async</Filter>
    </ClInclude>
    <ClInclude Include="..\..\..\..\include\bitcoin\network\async\thread.hpp">
      <Filter>include\bitcoin\network\async</Filter>
    </ClInclude>
    <ClInclude Include="..\..\..\..\include\bitcoin\network\async\threadpool.hpp">
      <Filter>include\bitcoin\network\async</Filter>
    </ClInclude>
    <ClInclude Include="..\..\..\..\include\bitcoin\network\async\time.hpp">
      <Filter>include\bitcoin\network\async</Filter>
    </ClInclude>
    <ClInclude Include="..\..\..\..\include\bitcoin\network\async\unsubscriber.hpp">
      <Filter>include\bitcoin\network\async</Filter>
    </ClInclude>
    <ClInclude Include="..\..\..\..\include\bitcoin\network\beast.hpp">
      <Filter>include\bitcoin\network</Filter>
    </ClInclude>
    <ClInclude Include="..\..\..\..\include\bitcoin\network\boost.hpp">
      <Filter>include\bitcoin\network</Filter>
    </ClInclude>
    <ClInclude Include="..\..\..\..\include\bitcoin\network\channels\channel.hpp">
      <Filter>include\bitcoin\network\channels</Filter>
    </ClInclude>
    <ClInclude Include="..\..\..\..\include\bitcoin\network\channels\channel_http.hpp">
      <Filter>include\bitcoin\network\channels</Filter>
    </ClInclude>
    <ClInclude Include="..\..\..\..\include\bitcoin\network\channels\channel_peer.hpp">
      <Filter>include\bitcoin\network\channels</Filter>
    </ClInclude>
    <ClInclude Include="..\..\..\..\include\bitcoin\network\channels\channel_rpc.hpp">
      <Filter>include\bitcoin\network\channels</Filter>
    </ClInclude>
    <ClInclude Include="..\..\..\..\include\bitcoin\network\channels\channel_ws.hpp">
      <Filter>include\bitcoin\network\channels</Filter>
    </ClInclude>
    <ClInclude Include="..\..\..\..\include\bitcoin\network\channels\channels.hpp">
      <Filter>include\bitcoin\network\channels</Filter>
    </ClInclude>
    <ClInclude Include="..\..\..\..\include\bitcoin\network\config\address.hpp">
      <Filter>include\bitcoin\network\config</Filter>
    </ClInclude>
    <ClInclude Include="..\..\..\..\include\bitcoin\network\config\authority.hpp">
      <Filter>include\bitcoin\network\config</Filter>
    </ClInclude>
    <ClInclude Include="..\..\..\..\include\bitcoin\network\config\config.hpp">
      <Filter>include\bitcoin\network\config</Filter>
    </ClInclude>
    <ClInclude Include="..\..\..\..\include\bitcoin\network\config\endpoint.hpp">
      <Filter>include\bitcoin\network\config</Filter>
    </ClInclude>
    <ClInclude Include="..\..\..\..\include\bitcoin\network\config\utilities.hpp">
      <Filter>include\bitcoin\network\config</Filter>
    </ClInclude>
    <ClInclude Include="..\..\..\..\include\bitcoin\network\define.hpp">
      <Filter>include\bitcoin\network</Filter>
    </ClInclude>
    <ClInclude Include="..\..\..\..\include\bitcoin\network\error.hpp">
      <Filter>include\bitcoin\network</Filter>
    </ClInclude>
    <ClInclude Include="..\..\..\..\include\bitcoin\network\interfaces\http.hpp">
      <Filter>include\bitcoin\network\interfaces</Filter>
    </ClInclude>
    <ClInclude Include="..\..\..\..\include\bitcoin\network\interfaces\interfaces.hpp">
      <Filter>include\bitcoin\network\interfaces</Filter>
    </ClInclude>
    <ClInclude Include="..\..\..\..\include\bitcoin\network\interfaces\peer_broadcast.hpp">
      <Filter>include\bitcoin\network\interfaces</Filter>
    </ClInclude>
    <ClInclude Include="..\..\..\..\include\bitcoin\network\interfaces\peer_dispatch.hpp">
      <Filter>include\bitcoin\network\interfaces</Filter>
    </ClInclude>
    <ClInclude Include="..\..\..\..\include\bitcoin\network\log\capture.hpp">
      <Filter>include\bitcoin\network\log</Filter>
    </ClInclude>
    <ClInclude Include="..\..\..\..\include\bitcoin\network\log\levels.hpp">
      <Filter>include\bitcoin\network\log</Filter>
    </ClInclude>
    <ClInclude Include="..\..\..\..\include\bitcoin\network\log\log.hpp">
      <Filter>include\bitcoin\network\log</Filter>
    </ClInclude>
    <ClInclude Include="..\..\..\..\include\bitcoin\network\log\logger.hpp">
      <Filter>include\bitcoin\network\log</Filter>
    </ClInclude>
    <ClInclude Include="..\..\..\..\include\bitcoin\network\log\reporter.hpp">
      <Filter>include\bitcoin\network\log</Filter>
    </ClInclude>
    <ClInclude Include="..\..\..\..\include\bitcoin\network\log\timer.hpp">
      <Filter>include\bitcoin\network\log</Filter>
    </ClInclude>
    <ClInclude Include="..\..\..\..\include\bitcoin\network\log\tracker.hpp">
      <Filter>include\bitcoin\network\log</Filter>
    </ClInclude>
    <ClInclude Include="..\..\..\..\include\bitcoin\network\memory.hpp">
      <Filter>include\bitcoin\network</Filter>
    </ClInclude>
    <ClInclude Include="..\..\..\..\include\bitcoin\network\messages\http\enums\magic_numbers.hpp">
      <Filter>include\bitcoin\network\messages\http\enums</Filter>
    </ClInclude>
    <ClInclude Include="..\..\..\..\include\bitcoin\network\messages\http\enums\media_type.hpp">
      <Filter>include\bitcoin\network\messages\http\enums</Filter>
    </ClInclude>
    <ClInclude Include="..\..\..\..\include\bitcoin\network\messages\http\enums\status.hpp">
      <Filter>include\bitcoin\network\messages\http\enums</Filter>
    </ClInclude>
    <ClInclude Include="..\..\..\..\include\bitcoin\network\messages\http\enums\target.hpp">
      <Filter>include\bitcoin\network\messages\http\enums</Filter>
    </ClInclude>
    <ClInclude Include="..\..\..\..\include\bitcoin\network\messages\http\enums\verb.hpp">
      <Filter>include\bitcoin\network\messages\http\enums</Filter>
    </ClInclude>
    <ClInclude Include="..\..\..\..\include\bitcoin\network\messages\http\fields.hpp">
      <Filter>include\bitcoin\network\messages\http</Filter>
    </ClInclude>
    <ClInclude Include="..\..\..\..\include\bitcoin\network\messages\http\http.hpp">
      <Filter>include\bitcoin\network\messages\http</Filter>
    </ClInclude>
    <ClInclude Include="..\..\..\..\include\bitcoin\network\messages\http_body.hpp">
      <Filter>include\bitcoin\network\messages</Filter>
    </ClInclude>
    <ClInclude Include="..\..\..\..\include\bitcoin\network\messages\http_method.hpp">
      <Filter>include\bitcoin\network\messages</Filter>
    </ClInclude>
    <ClInclude Include="..\..\..\..\include\bitcoin\network\messages\json_body.hpp">
      <Filter>include\bitcoin\network\messages</Filter>
    </ClInclude>
    <ClInclude Include="..\..\..\..\include\bitcoin\network\messages\messages.hpp">
      <Filter>include\bitcoin\network\messages</Filter>
    </ClInclude>
    <ClInclude Include="..\..\..\..\include\bitcoin\network\messages\peer\detail\address.hpp">
      <Filter>include\bitcoin\network\messages\peer\detail</Filter>
    </ClInclude>
    <ClInclude Include="..\..\..\..\include\bitcoin\network\messages\peer\detail\address_item.hpp">
      <Filter>include\bitcoin\network\messages\peer\detail</Filter>
    </ClInclude>
    <ClInclude Include="..\..\..\..\include\bitcoin\network\messages\peer\detail\alert.hpp">
      <Filter>include\bitcoin\network\messages\peer\detail</Filter>
    </ClInclude>
    <ClInclude Include="..\..\..\..\include\bitcoin\network\messages\peer\detail\alert_item.hpp">
      <Filter>include\bitcoin\network\messages\peer\detail</Filter>
    </ClInclude>
    <ClInclude Include="..\..\..\..\include\bitcoin\network\messages\peer\detail\block.hpp">
      <Filter>include\bitcoin\network\messages\peer\detail</Filter>
    </ClInclude>
    <ClInclude Include="..\..\..\..\include\bitcoin\network\messages\peer\detail\bloom_filter_add.hpp">
      <Filter>include\bitcoin\network\messages\peer\detail</Filter>
    </ClInclude>
    <ClInclude Include="..\..\..\..\include\bitcoin\network\messages\peer\detail\bloom_filter_clear.hpp">
      <Filter>include\bitcoin\network\messages\peer\detail</Filter>
    </ClInclude>
    <ClInclude Include="..\..\..\..\include\bitcoin\network\messages\peer\detail\bloom_filter_load.hpp">
      <Filter>include\bitcoin\network\messages\peer\detail</Filter>
    </ClInclude>
    <ClInclude Include="..\..\..\..\include\bitcoin\network\messages\peer\detail\client_filter.hpp">
      <Filter>include\bitcoin\network\messages\peer\detail</Filter>
    </ClInclude>
    <ClInclude Include="..\..\..\..\include\bitcoin\network\messages\peer\detail\client_filter_checkpoint.hpp">
      <Filter>include\bitcoin\network\messages\peer\detail</Filter>
    </ClInclude>
    <ClInclude Include="..\..\..\..\include\bitcoin\network\messages\peer\detail\client_filter_headers.hpp">
      <Filter>include\bitcoin\network\messages\peer\detail</Filter>
    </ClInclude>
    <ClInclude Include="..\..\..\..\include\bitcoin\network\messages\peer\detail\compact_block.hpp">
      <Filter>include\bitcoin\network\messages\peer\detail</Filter>
    </ClInclude>
    <ClInclude Include="..\..\..\..\include\bitcoin\network\messages\peer\detail\compact_block_item.hpp">
      <Filter>include\bitcoin\network\messages\peer\detail</Filter>
    </ClInclude>
    <ClInclude Include="..\..\..\..\include\bitcoin\network\messages\peer\detail\compact_transactions.hpp">
      <Filter>include\bitcoin\network\messages\peer\detail</Filter>
    </ClInclude>
    <ClInclude Include="..\..\..\..\include\bitcoin\network\messages\peer\detail\fee_filter.hpp">
      <Filter>include\bitcoin\network\messages\peer\detail</Filter>
    </ClInclude>
    <ClInclude Include="..\..\..\..\include\bitcoin\network\messages\peer\detail\get_address.hpp">
      <Filter>include\bitcoin\network\messages\peer\detail</Filter>
    </ClInclude>
    <ClInclude Include="..\..\..\..\include\bitcoin\network\messages\peer\detail\get_blocks.hpp">
      <Filter>include\bitcoin\network\messages\peer\detail</Filter>
    </ClInclude>
    <ClInclude Include="..\..\..\..\include\bitcoin\network\messages\peer\detail\get_client_filter_checkpoint.hpp">
      <Filter>include\bitcoin\network\messages\peer\detail</Filter>
    </ClInclude>
    <ClInclude Include="..\..\..\..\include\bitcoin\network\messages\peer\detail\get_client_filter_headers.hpp">
      <Filter>include\bitcoin\network\messages\peer\detail</Filter>
    </ClInclude>
    <ClInclude Include="..\..\..\..\include\bitcoin\network\messages\peer\detail\get_client_filters.hpp">
      <Filter>include\bitcoin\network\messages\peer\detail</Filter>
    </ClInclude>
    <ClInclude Include="..\..\..\..\include\bitcoin\network\messages\peer\detail\get_compact_transactions.hpp">
      <Filter>include\bitcoin\network\messages\peer\detail</Filter>
    </ClInclude>
    <ClInclude Include="..\..\..\..\include\bitcoin\network\messages\peer\detail\get_data.hpp">
      <Filter>include\bitcoin\network\messages\peer\detail</Filter>
    </ClInclude>
    <ClInclude Include="..\..\..\..\include\bitcoin\network\messages\peer\detail\get_headers.hpp">
      <Filter>include\bitcoin\network\messages\peer\detail</Filter>
    </ClInclude>
    <ClInclude Include="..\..\..\..\include\bitcoin\network\messages\peer\detail\headers.hpp">
      <Filter>include\bitcoin\network\messages\peer\detail</Filter>
    </ClInclude>
    <ClInclude Include="..\..\..\..\include\bitcoin\network\messages\peer\detail\inventory.hpp">
      <Filter>include\bitcoin\network\messages\peer\detail</Filter>
    </ClInclude>
    <ClInclude Include="..\..\..\..\include\bitcoin\network\messages\peer\detail\inventory_item.hpp">
      <Filter>include\bitcoin\network\messages\peer\detail</Filter>
    </ClInclude>
    <ClInclude Include="..\..\..\..\include\bitcoin\network\messages\peer\detail\memory_pool.hpp">
      <Filter>include\bitcoin\network\messages\peer\detail</Filter>
    </ClInclude>
    <ClInclude Include="..\..\..\..\include\bitcoin\network\messages\peer\detail\merkle_block.hpp">
      <Filter>include\bitcoin\network\messages\peer\detail</Filter>
    </ClInclude>
    <ClInclude Include="..\..\..\..\include\bitcoin\network\messages\peer\detail\not_found.hpp">
      <Filter>include\bitcoin\network\messages\peer\detail</Filter>
    </ClInclude>
    <ClInclude Include="..\..\..\..\include\bitcoin\network\messages\peer\detail\ping.hpp">
      <Filter>include\bitcoin\network\messages\peer\detail</Filter>
    </ClInclude>
    <ClInclude Include="..\..\..\..\include\bitcoin\network\messages\peer\detail\pong.hpp">
      <Filter>include\bitcoin\network\messages\peer\detail</Filter>
    </ClInclude>
    <ClInclude Include="..\..\..\..\include\bitcoin\network\messages\peer\detail\reject.hpp">
      <Filter>include\bitcoin\network\messages\peer\detail</Filter>
    </ClInclude>
    <ClInclude Include="..\..\..\..\include\bitcoin\network\messages\peer\detail\send_address_v2.hpp">
      <Filter>include\bitcoin\network\messages\peer\detail</Filter>
    </ClInclude>
    <ClInclude Include="..\..\..\..\include\bitcoin\network\messages\peer\detail\send_compact.hpp">
      <Filter>include\bitcoin\network\messages\peer\detail</Filter>
    </ClInclude>
    <ClInclude Include="..\..\..\..\include\bitcoin\network\messages\peer\detail\send_headers.hpp">
      <Filter>include\bitcoin\network\messages\peer\detail</Filter>
    </ClInclude>
    <ClInclude Include="..\..\..\..\include\bitcoin\network\messages\peer\detail\transaction.hpp">
      <Filter>include\bitcoin\network\messages\peer\detail</Filter>
    </ClInclude>
    <ClInclude Include="..\..\..\..\include\bitcoin\network\messages\peer\detail\version.hpp">
      <Filter>include\bitcoin\network\messages\peer\detail</Filter>
    </ClInclude>
    <ClInclude Include="..\..\..\..\include\bitcoin\network\messages\peer\detail\version_acknowledge.hpp">
      <Filter>include\bitcoin\network\messages\peer\detail</Filter>
    </ClInclude>
    <ClInclude Include="..\..\..\..\include\bitcoin\network\messages\peer\detail\witness_tx_id_relay.hpp">
      <Filter>include\bitcoin\network\messages\peer\detail</Filter>
    </ClInclude>
    <ClInclude Include="..\..\..\..\include\bitcoin\network\messages\peer\enums\identifier.hpp">
      <Filter>include\bitcoin\network\messages\peer\enums</Filter>
    </ClInclude>
    <ClInclude Include="..\..\..\..\include\bitcoin\network\messages\peer\enums\level.hpp">
      <Filter>include\bitcoin\network\messages\peer\enums</Filter>
    </ClInclude>
    <ClInclude Include="..\..\..\..\include\bitcoin\network\messages\peer\enums\magic_numbers.hpp">
      <Filter>include\bitcoin\network\messages\peer\enums</Filter>
    </ClInclude>
    <ClInclude Include="..\..\..\..\include\bitcoin\network\messages\peer\enums\service.hpp">
      <Filter>include\bitcoin\network\messages\peer\enums</Filter>
    </ClInclude>
    <ClInclude Include="..\..\..\..\include\bitcoin\network\messages\peer\heading.hpp">
      <Filter>include\bitcoin\network\messages\peer</Filter>
    </ClInclude>
    <ClInclude Include="..\..\..\..\include\bitcoin\network\messages\peer\message.hpp">
      <Filter>include\bitcoin\network\messages\peer</Filter>
    </ClInclude>
    <ClInclude Include="..\..\..\..\include\bitcoin\network\messages\peer\peer.hpp">
      <Filter>include\bitcoin\network\messages\peer</Filter>
    </ClInclude>
    <ClInclude Include="..\..\..\..\include\bitcoin\network\messages\rpc\any.hpp">
      <Filter>include\bitcoin\network\messages\rpc</Filter>
    </ClInclude>
    <ClInclude Include="..\..\..\..\include\bitcoin\network\messages\rpc\body.hpp">
      <Filter>include\bitcoin\network\messages\rpc</Filter>
    </ClInclude>
    <ClInclude Include="..\..\..\..\include\bitcoin\network\messages\rpc\broadcaster.hpp">
      <Filter>include\bitcoin\network\messages\rpc</Filter>
    </ClInclude>
    <ClInclude Include="..\..\..\..\include\bitcoin\network\messages\rpc\dispatcher.hpp">
      <Filter>include\bitcoin\network\messages\rpc</Filter>
    </ClInclude>
    <ClInclude Include="..\..\..\..\include\bitcoin\network\messages\rpc\enums\grouping.hpp">
      <Filter>include\bitcoin\network\messages\rpc\enums</Filter>
    </ClInclude>
    <ClInclude Include="..\..\..\..\include\bitcoin\network\messages\rpc\enums\version.hpp">
      <Filter>include\bitcoin\network\messages\rpc\enums</Filter>
    </ClInclude>
    <ClInclude Include="..\..\..\..\include\bitcoin\network\messages\rpc\method.hpp">
      <Filter>include\bitcoin\network\messages\rpc</Filter>
    </ClInclude>
    <ClInclude Include="..\..\..\..\include\bitcoin\network\messages\rpc\model.hpp">
      <Filter>include\bitcoin\network\messages\rpc</Filter>
    </ClInclude>
    <ClInclude Include="..\..\..\..\include\bitcoin\network\messages\rpc\publish.hpp">
      <Filter>include\bitcoin\network\messages\rpc</Filter>
    </ClInclude>
    <ClInclude Include="..\..\..\..\include\bitcoin\network\messages\rpc\rpc.hpp">
      <Filter>include\bitcoin\network\messages\rpc</Filter>
    </ClInclude>
    <ClInclude Include="..\..\..\..\include\bitcoin\network\messages\rpc\types.hpp">
      <Filter>include\bitcoin\network\messages\rpc</Filter>
    </ClInclude>
    <ClInclude Include="..\..\..\..\include\bitcoin\network\net.hpp">
      <Filter>include\bitcoin\network</Filter>
    </ClInclude>
    <ClInclude Include="..\..\..\..\include\bitcoin\network\net\acceptor.hpp">
      <Filter>include\bitcoin\network\net</Filter>
    </ClInclude>
    <ClInclude Include="..\..\..\..\include\bitcoin\network\net\connector.hpp">
      <Filter>include\bitcoin\network\net</Filter>
    </ClInclude>
    <ClInclude Include="..\..\..\..\include\bitcoin\network\net\connector_socks.hpp">
      <Filter>include\bitcoin\network\net</Filter>
    </ClInclude>
    <ClInclude Include="..\..\..\..\include\bitcoin\network\net\deadline.hpp">
      <Filter>include\bitcoin\network\net</Filter>
    </ClInclude>
    <ClInclude Include="..\..\..\..\include\bitcoin\network\net\hosts.hpp">
      <Filter>include\bitcoin\network\net</Filter>
    </ClInclude>
    <ClInclude Include="..\..\..\..\include\bitcoin\network\net\net.hpp">
      <Filter>include\bitcoin\network\net</Filter>
    </ClInclude>
    <ClInclude Include="..\..\..\..\include\bitcoin\network\net\proxy.hpp">
      <Filter>include\bitcoin\network\net</Filter>
    </ClInclude>
    <ClInclude Include="..\..\..\..\include\bitcoin\network\net\socket.hpp">
      <Filter>include\bitcoin\network\net</Filter>
    </ClInclude>
    <ClInclude Include="..\..\..\..\include\bitcoin\network\protocols\protocol.hpp">
      <Filter>include\bitcoin\network\protocols</Filter>
    </ClInclude>
    <ClInclude Include="..\..\..\..\include\bitcoin\network\protocols\protocol_address_in_209.hpp">
      <Filter>include\bitcoin\network\protocols</Filter>
    </ClInclude>
    <ClInclude Include="..\..\..\..\include\bitcoin\network\protocols\protocol_address_out_209.hpp">
      <Filter>include\bitcoin\network\protocols</Filter>
    </ClInclude>
    <ClInclude Include="..\..\..\..\include\bitcoin\network\protocols\protocol_alert_311.hpp">
      <Filter>include\bitcoin\network\protocols</Filter>
    </ClInclude>
    <ClInclude Include="..\..\..\..\include\bitcoin\network\protocols\protocol_http.hpp">
      <Filter>include\bitcoin\network\protocols</Filter>
    </ClInclude>
    <ClInclude Include="..\..\..\..\include\bitcoin\network\protocols\protocol_peer.hpp">
      <Filter>include\bitcoin\network\protocols</Filter>
    </ClInclude>
    <ClInclude Include="..\..\..\..\include\bitcoin\network\protocols\protocol_ping_106.hpp">
      <Filter>include\bitcoin\network\protocols</Filter>
    </ClInclude>
    <ClInclude Include="..\..\..\..\include\bitcoin\network\protocols\protocol_ping_60001.hpp">
      <Filter>include\bitcoin\network\protocols</Filter>
    </ClInclude>
    <ClInclude Include="..\..\..\..\include\bitcoin\network\protocols\protocol_reject_70002.hpp">
      <Filter>include\bitcoin\network\protocols</Filter>
    </ClInclude>
    <ClInclude Include="..\..\..\..\include\bitcoin\network\protocols\protocol_rpc.hpp">
      <Filter>include\bitcoin\network\protocols</Filter>
    </ClInclude>
    <ClInclude Include="..\..\..\..\include\bitcoin\network\protocols\protocol_seed_209.hpp">
      <Filter>include\bitcoin\network\protocols</Filter>
    </ClInclude>
    <ClInclude Include="..\..\..\..\include\bitcoin\network\protocols\protocol_version_106.hpp">
      <Filter>include\bitcoin\network\protocols</Filter>
    </ClInclude>
    <ClInclude Include="..\..\..\..\include\bitcoin\network\protocols\protocol_version_70001.hpp">
      <Filter>include\bitcoin\network\protocols</Filter>
    </ClInclude>
    <ClInclude Include="..\..\..\..\include\bitcoin\network\protocols\protocol_version_70002.hpp">
      <Filter>include\bitcoin\network\protocols</Filter>
    </ClInclude>
    <ClInclude Include="..\..\..\..\include\bitcoin\network\protocols\protocol_version_70016.hpp">
      <Filter>include\bitcoin\network\protocols</Filter>
    </ClInclude>
    <ClInclude Include="..\..\..\..\include\bitcoin\network\protocols\protocol_ws.hpp">
      <Filter>include\bitcoin\network\protocols</Filter>
    </ClInclude>
    <ClInclude Include="..\..\..\..\include\bitcoin\network\protocols\protocols.hpp">
      <Filter>include\bitcoin\network\protocols</Filter>
    </ClInclude>
    <ClInclude Include="..\..\..\..\include\bitcoin\network\sessions\session.hpp">
      <Filter>include\bitcoin\network\sessions</Filter>
    </ClInclude>
    <ClInclude Include="..\..\..\..\include\bitcoin\network\sessions\session_inbound.hpp">
      <Filter>include\bitcoin\network\sessions</Filter>
    </ClInclude>
    <ClInclude Include="..\..\..\..\include\bitcoin\network\sessions\session_manual.hpp">
      <Filter>include\bitcoin\network\sessions</Filter>
    </ClInclude>
    <ClInclude Include="..\..\..\..\include\bitcoin\network\sessions\session_outbound.hpp">
      <Filter>include\bitcoin\network\sessions</Filter>
    </ClInclude>
    <ClInclude Include="..\..\..\..\include\bitcoin\network\sessions\session_peer.hpp">
      <Filter>include\bitcoin\network\sessions</Filter>
    </ClInclude>
    <ClInclude Include="..\..\..\..\include\bitcoin\network\sessions\session_seed.hpp">
      <Filter>include\bitcoin\network\sessions</Filter>
    </ClInclude>
    <ClInclude Include="..\..\..\..\include\bitcoin\network\sessions\session_server.hpp">
      <Filter>include\bitcoin\network\sessions</Filter>
    </ClInclude>
    <ClInclude Include="..\..\..\..\include\bitcoin\network\sessions\sessions.hpp">
      <Filter>include\bitcoin\network\sessions</Filter>
    </ClInclude>
    <ClInclude Include="..\..\..\..\include\bitcoin\network\settings.hpp">
      <Filter>include\bitcoin\network</Filter>
    </ClInclude>
    <ClInclude Include="..\..\..\..\include\bitcoin\network\version.hpp">
      <Filter>include\bitcoin\network</Filter>
    </ClInclude>
    <ClInclude Include="..\..\..\..\src\wolfssl\wolfcrypt\src\fe_x25519_128.h">
      <Filter>src\wolfssl\wolfcrypt\src</Filter>
    </ClInclude>
    <ClInclude Include="..\..\..\..\src\wolfssl\wolfssl\callbacks.h">
      <Filter>src\wolfssl\wolfssl</Filter>
    </ClInclude>
    <ClInclude Include="..\..\..\..\src\wolfssl\wolfssl\certs_test.h">
      <Filter>src\wolfssl\wolfssl</Filter>
    </ClInclude>
    <ClInclude Include="..\..\..\..\src\wolfssl\wolfssl\certs_test_sm.h">
      <Filter>src\wolfssl\wolfssl</Filter>
    </ClInclude>
    <ClInclude Include="..\..\..\..\src\wolfssl\wolfssl\crl.h">
      <Filter>src\wolfssl\wolfssl</Filter>
    </ClInclude>
    <ClInclude Include="..\..\..\..\src\wolfssl\wolfssl\error-ssl.h">
      <Filter>src\wolfssl\wolfssl</Filter>
    </ClInclude>
    <ClInclude Include="..\..\..\..\src\wolfssl\wolfssl\internal.h">
      <Filter>src\wolfssl\wolfssl</Filter>
    </ClInclude>
    <ClInclude Include="..\..\..\..\src\wolfssl\wolfssl\ocsp.h">
      <Filter>src\wolfssl\wolfssl</Filter>
    </ClInclude>
    <ClInclude Include="..\..\..\..\src\wolfssl\wolfssl\openssl\aes.h">
      <Filter>src\wolfssl\wolfssl\openssl</Filter>
    </ClInclude>
    <ClInclude Include="..\..\..\..\src\wolfssl\wolfssl\openssl\asn1.h">
      <Filter>src\wolfssl\wolfssl\openssl</Filter>
    </ClInclude>
    <ClInclude Include="..\..\..\..\src\wolfssl\wolfssl\openssl\asn1t.h">
      <Filter>src\wolfssl\wolfssl\openssl</Filter>
    </ClInclude>
    <ClInclude Include="..\..\..\..\src\wolfssl\wolfssl\openssl\bio.h">
      <Filter>src\wolfssl\wolfssl\openssl</Filter>
    </ClInclude>
    <ClInclude Include="..\..\..\..\src\wolfssl\wolfssl\openssl\bn.h">
      <Filter>src\wolfssl\wolfssl\openssl</Filter>
    </ClInclude>
    <ClInclude Include="..\..\..\..\src\wolfssl\wolfssl\openssl\buffer.h">
      <Filter>src\wolfssl\wolfssl\openssl</Filter>
    </ClInclude>
    <ClInclude Include="..\..\..\..\src\wolfssl\wolfssl\openssl\camellia.h">
      <Filter>src\wolfssl\wolfssl\openssl</Filter>
    </ClInclude>
    <ClInclude Include="..\..\..\..\src\wolfssl\wolfssl\openssl\cmac.h">
      <Filter>src\wolfssl\wolfssl\openssl</Filter>
    </ClInclude>
    <ClInclude Include="..\..\..\..\src\wolfssl\wolfssl\openssl\cms.h">
      <Filter>src\wolfssl\wolfssl\openssl</Filter>
    </ClInclude>
    <ClInclude Include="..\..\..\..\src\wolfssl\wolfssl\openssl\compat_types.h">
      <Filter>src\wolfssl\wolfssl\openssl</Filter>
    </ClInclude>
    <ClInclude Include="..\..\..\..\src\wolfssl\wolfssl\openssl\conf.h">
      <Filter>src\wolfssl\wolfssl\openssl</Filter>
    </ClInclude>
    <ClInclude Include="..\..\..\..\src\wolfssl\wolfssl\openssl\crypto.h">
      <Filter>src\wolfssl\wolfssl\openssl</Filter>
    </ClInclude>
    <ClInclude Include="..\..\..\..\src\wolfssl\wolfssl\openssl\des.h">
      <Filter>src\wolfssl\wolfssl\openssl</Filter>
    </ClInclude>
    <ClInclude Include="..\..\..\..\src\wolfssl\wolfssl\openssl\dh.h">
      <Filter>src\wolfssl\wolfssl\openssl</Filter>
    </ClInclude>
    <ClInclude Include="..\..\..\..\src\wolfssl\wolfssl\openssl\dsa.h">
      <Filter>src\wolfssl\wolfssl\openssl</Filter>
    </ClInclude>
    <ClInclude Include="..\..\..\..\src\wolfssl\wolfssl\openssl\ec.h">
      <Filter>src\wolfssl\wolfssl\openssl</Filter>
    </ClInclude>
    <ClInclude Include="..\..\..\..\src\wolfssl\wolfssl\openssl\ec25519.h">
      <Filter>src\wolfssl\wolfssl\openssl</Filter>
    </ClInclude>
    <ClInclude Include="..\..\..\..\src\wolfssl\wolfssl\openssl\ec448.h">
      <Filter>src\wolfssl\wolfssl\openssl</Filter>
    </ClInclude>
    <ClInclude Include="..\..\..\..\src\wolfssl\wolfssl\openssl\ecdh.h">
      <Filter>src\wolfssl\wolfssl\openssl</Filter>
    </ClInclude>
    <ClInclude Include="..\..\..\..\src\wolfssl\wolfssl\openssl\ecdsa.h">
      <Filter>src\wolfssl\wolfssl\openssl</Filter>
    </ClInclude>
    <ClInclude Include="..\..\..\..\src\wolfssl\wolfssl\openssl\ed25519.h">
      <Filter>src\wolfssl\wolfssl\openssl</Filter>
    </ClInclude>
    <ClInclude Include="..\..\..\..\src\wolfssl\wolfssl\openssl\ed448.h">
      <Filter>src\wolfssl\wolfssl\openssl</Filter>
    </ClInclude>
    <ClInclude Include="..\..\..\..\src\wolfssl\wolfssl\openssl\engine.h">
      <Filter>src\wolfssl\wolfssl\openssl</Filter>
    </ClInclude>
    <ClInclude Include="..\..\..\..\src\wolfssl\wolfssl\openssl\err.h">
      <Filter>src\wolfssl\wolfssl\openssl</Filter>
    </ClInclude>
    <ClInclude Include="..\..\..\..\src\wolfssl\wolfssl\openssl\evp.h">
      <Filter>src\wolfssl\wolfssl\openssl</Filter>
    </ClInclude>
    <ClInclude Include="..\..\..\..\src\wolfssl\wolfssl\openssl\fips_rand.h">
      <Filter>src\wolfssl\wolfssl\openssl</Filter>
    </ClInclude>
    <ClInclude Include="..\..\..\..\src\wolfssl\wolfssl\openssl\hmac.h">
      <Filter>src\wolfssl\wolfssl\openssl</Filter>
    </ClInclude>
    <ClInclude Include="..\..\..\..\src\wolfssl\wolfssl\openssl\kdf.h">
      <Filter>src\wolfssl\wolfssl\openssl</Filter>
    </ClInclude>
    <ClInclude Include="..\..\..\..\src\wolfssl\wolfssl\openssl\lhash.h">
      <Filter>src\wolfssl\wolfssl\openssl</Filter>
    </ClInclude>
    <ClInclude Include="..\..\..\..\src\wolfssl\wolfssl\openssl\md4.h">
      <Filter>src\wolfssl\wolfssl\openssl</Filter>
    </ClInclude>
    <ClInclude Include="..\..\..\..\src\wolfssl\wolfssl\openssl\md5.h">
      <Filter>src\wolfssl\wolfssl\openssl</Filter>
    </ClInclude>
    <ClInclude Include="..\..\..\..\src\wolfssl\wolfssl\openssl\modes.h">
      <Filter>src\wolfssl\wolfssl\openssl</Filter>
    </ClInclude>
    <ClInclude Include="..\..\..\..\src\wolfssl\wolfssl\openssl\obj_mac.h">
      <Filter>src\wolfssl\wolfssl\openssl</Filter>
    </ClInclude>
    <ClInclude Include="..\..\..\..\src\wolfssl\wolfssl\openssl\objects.h">
      <Filter>src\wolfssl\wolfssl\openssl</Filter>
    </ClInclude>
    <ClInclude Include="..\..\..\..\src\wolfssl\wolfssl\openssl\ocsp.h">
      <Filter>src\wolfssl\wolfssl\openssl</Filter>
    </ClInclude>
    <ClInclude Include="..\..\..\..\src\wolfssl\wolfssl\openssl\opensslconf.h">
      <Filter>src\wolfssl\wolfssl\openssl</Filter>
    </ClInclude>
    <ClInclude Include="..\..\..\..\src\wolfssl\wolfssl\openssl\opensslv.h">
      <Filter>src\wolfssl\wolfssl\openssl</Filter>
    </ClInclude>
    <ClInclude Include="..\..\..\..\src\wolfssl\wolfssl\openssl\ossl_typ.h">
      <Filter>src\wolfssl\wolfssl\openssl</Filter>
    </ClInclude>
    <ClInclude Include="..\..\..\..\src\wolfssl\wolfssl\openssl\pem.h">
      <Filter>src\wolfssl\wolfssl\openssl</Filter>
    </ClInclude>
    <ClInclude Include="..\..\..\..\src\wolfssl\wolfssl\openssl\pkcs12.h">
      <Filter>src\wolfssl\wolfssl\openssl</Filter>
    </ClInclude>
    <ClInclude Include="..\..\..\..\src\wolfssl\wolfssl\openssl\pkcs7.h">
      <Filter>src\wolfssl\wolfssl\openssl</Filter>
    </ClInclude>
    <ClInclude Include="..\..\..\..\src\wolfssl\wolfssl\openssl\rand.h">
      <Filter>src\wolfssl\wolfssl\openssl</Filter>
    </ClInclude>
    <ClInclude Include="..\..\..\..\src\wolfssl\wolfssl\openssl\rc4.h">
      <Filter>src\wolfssl\wolfssl\openssl</Filter>
    </ClInclude>
    <ClInclude Include="..\..\..\..\src\wolfssl\wolfssl\openssl\ripemd.h">
      <Filter>src\wolfssl\wolfssl\openssl</Filter>
    </ClInclude>
    <ClInclude Include="..\..\..\..\src\wolfssl\wolfssl\openssl\rsa.h">
      <Filter>src\wolfssl\wolfssl\openssl</Filter>
    </ClInclude>
    <ClInclude Include="..\..\..\..\src\wolfssl\wolfssl\openssl\safestack.h">
      <Filter>src\wolfssl\wolfssl\openssl</Filter>
    </ClInclude>
    <ClInclude Include="..\..\..\..\src\wolfssl\wolfssl\openssl\sha.h">
      <Filter>src\wolfssl\wolfssl\openssl</Filter>
    </ClInclude>
    <ClInclude Include="..\..\..\..\src\wolfssl\wolfssl\openssl\sha3.h">
      <Filter>src\wolfssl\wolfssl\openssl</Filter>
    </ClInclude>
    <ClInclude Include="..\..\..\..\src\wolfssl\wolfssl\openssl\srp.h">
      <Filter>src\wolfssl\wolfssl\openssl</Filter>
    </ClInclude>
    <ClInclude Include="..\..\..\..\src\wolfssl\wolfssl\openssl\ssl.h">
      <Filter>src\wolfssl\wolfssl\openssl</Filter>
    </ClInclude>
    <ClInclude Include="..\..\..\..\src\wolfssl\wolfssl\openssl\ssl23.h">
      <Filter>src\wolfssl\wolfssl\openssl</Filter>
    </ClInclude>
    <ClInclude Include="..\..\..\..\src\wolfssl\wolfssl\openssl\stack.h">
      <Filter>src\wolfssl\wolfssl\openssl</Filter>
    </ClInclude>
    <ClInclude Include="..\..\..\..\src\wolfssl\wolfssl\openssl\tls1.h">
      <Filter>src\wolfssl\wolfssl\openssl</Filter>
    </ClInclude>
    <ClInclude Include="..\..\..\..\src\wolfssl\wolfssl\openssl\txt_db.h">
      <Filter>src\wolfssl\wolfssl\openssl</Filter>
    </ClInclude>
    <ClInclude Include="..\..\..\..\src\wolfssl\wolfssl\openssl\ui.h">
      <Filter>src\wolfssl\wolfssl\openssl</Filter>
    </ClInclude>
    <ClInclude Include="..\..\..\..\src\wolfssl\wolfssl\openssl\x509.h">
      <Filter>src\wolfssl\wolfssl\openssl</Filter>
    </ClInclude>
    <ClInclude Include="..\..\..\..\src\wolfssl\wolfssl\openssl\x509_vfy.h">
      <Filter>src\wolfssl\wolfssl\openssl</Filter>
    </ClInclude>
    <ClInclude Include="..\..\..\..\src\wolfssl\wolfssl\openssl\x509v3.h">
      <Filter>src\wolfssl\wolfssl\openssl</Filter>
    </ClInclude>
    <ClInclude Include="..\..\..\..\src\wolfssl\wolfssl\quic.h">
      <Filter>src\wolfssl\wolfssl</Filter>
    </ClInclude>
    <ClInclude Include="..\..\..\..\src\wolfssl\wolfssl\ssl.h">
      <Filter>src\wolfssl\wolfssl</Filter>
    </ClInclude>
    <ClInclude Include="..\..\..\..\src\wolfssl\wolfssl\test.h">
      <Filter>src\wolfssl\wolfssl</Filter>
    </ClInclude>
    <ClInclude Include="..\..\..\..\src\wolfssl\wolfssl\version.h">
      <Filter>src\wolfssl\wolfssl</Filter>
    </ClInclude>
    <ClInclude Include="..\..\..\..\src\wolfssl\wolfssl\wolfcrypt\aes.h">
      <Filter>src\wolfssl\wolfssl\wolfcrypt</Filter>
    </ClInclude>
    <ClInclude Include="..\..\..\..\src\wolfssl\wolfssl\wolfcrypt\arc4.h">
      <Filter>src\wolfssl\wolfssl\wolfcrypt</Filter>
    </ClInclude>
    <ClInclude Include="..\..\..\..\src\wolfssl\wolfssl\wolfcrypt\ascon.h">
      <Filter>src\wolfssl\wolfssl\wolfcrypt</Filter>
    </ClInclude>
    <ClInclude Include="..\..\..\..\src\wolfssl\wolfssl\wolfcrypt\asn.h">
      <Filter>src\wolfssl\wolfssl\wolfcrypt</Filter>
    </ClInclude>
    <ClInclude Include="..\..\..\..\src\wolfssl\wolfssl\wolfcrypt\asn_public.h">
      <Filter>src\wolfssl\wolfssl\wolfcrypt</Filter>
    </ClInclude>
    <ClInclude Include="..\..\..\..\src\wolfssl\wolfssl\wolfcrypt\blake2-impl.h">
      <Filter>src\wolfssl\wolfssl\wolfcrypt</Filter>
    </ClInclude>
    <ClInclude Include="..\..\..\..\src\wolfssl\wolfssl\wolfcrypt\blake2-int.h">
      <Filter>src\wolfssl\wolfssl\wolfcrypt</Filter>
    </ClInclude>
    <ClInclude Include="..\..\..\..\src\wolfssl\wolfssl\wolfcrypt\blake2.h">
      <Filter>src\wolfssl\wolfssl\wolfcrypt</Filter>
    </ClInclude>
    <ClInclude Include="..\..\..\..\src\wolfssl\wolfssl\wolfcrypt\camellia.h">
      <Filter>src\wolfssl\wolfssl\wolfcrypt</Filter>
    </ClInclude>
    <ClInclude Include="..\..\..\..\src\wolfssl\wolfssl\wolfcrypt\chacha.h">
      <Filter>src\wolfssl\wolfssl\wolfcrypt</Filter>
    </ClInclude>
    <ClInclude Include="..\..\..\..\src\wolfssl\wolfssl\wolfcrypt\chacha20_poly1305.h">
      <Filter>src\wolfssl\wolfssl\wolfcrypt</Filter>
    </ClInclude>
    <ClInclude Include="..\..\..\..\src\wolfssl\wolfssl\wolfcrypt\cmac.h">
      <Filter>src\wolfssl\wolfssl\wolfcrypt</Filter>
    </ClInclude>
    <ClInclude Include="..\..\..\..\src\wolfssl\wolfssl\wolfcrypt\coding.h">
      <Filter>src\wolfssl\wolfssl\wolfcrypt</Filter>
    </ClInclude>
    <ClInclude Include="..\..\..\..\src\wolfssl\wolfssl\wolfcrypt\compress.h">
      <Filter>src\wolfssl\wolfssl\wolfcrypt</Filter>
    </ClInclude>
    <ClInclude Include="..\..\..\..\src\wolfssl\wolfssl\wolfcrypt\cpuid.h">
      <Filter>src\wolfssl\wolfssl\wolfcrypt</Filter>
    </ClInclude>
    <ClInclude Include="..\..\..\..\src\wolfssl\wolfssl\wolfcrypt\cryptocb.h">
      <Filter>src\wolfssl\wolfssl\wolfcrypt</Filter>
    </ClInclude>
    <ClInclude Include="..\..\..\..\src\wolfssl\wolfssl\wolfcrypt\curve25519.h">
      <Filter>src\wolfssl\wolfssl\wolfcrypt</Filter>
    </ClInclude>
    <ClInclude Include="..\..\..\..\src\wolfssl\wolfssl\wolfcrypt\curve448.h">
      <Filter>src\wolfssl\wolfssl\wolfcrypt</Filter>
    </ClInclude>
    <ClInclude Include="..\..\..\..\src\wolfssl\wolfssl\wolfcrypt\des3.h">
      <Filter>src\wolfssl\wolfssl\wolfcrypt</Filter>
    </ClInclude>
    <ClInclude Include="..\..\..\..\src\wolfssl\wolfssl\wolfcrypt\dh.h">
      <Filter>src\wolfssl\wolfssl\wolfcrypt</Filter>
    </ClInclude>
    <ClInclude Include="..\..\..\..\src\wolfssl\wolfssl\wolfcrypt\dilithium.h">
      <Filter>src\wolfssl\wolfssl\wolfcrypt</Filter>
    </ClInclude>
    <ClInclude Include="..\..\..\..\src\wolfssl\wolfssl\wolfcrypt\dsa.h">
      <Filter>src\wolfssl\wolfssl\wolfcrypt</Filter>
    </ClInclude>
    <ClInclude Include="..\..\..\..\src\wolfssl\wolfssl\wolfcrypt\ecc.h">
      <Filter>src\wolfssl\wolfssl\wolfcrypt</Filter>
    </ClInclude>
    <ClInclude Include="..\..\..\..\src\wolfssl\wolfssl\wolfcrypt\eccsi.h">
      <Filter>src\wolfssl\wolfssl\wolfcrypt</Filter>
    </ClInclude>
    <ClInclude Include="..\..\..\..\src\wolfssl\wolfssl\wolfcrypt\ed25519.h">
      <Filter>src\wolfssl\wolfssl\wolfcrypt</Filter>
    </ClInclude>
    <ClInclude Include="..\..\..\..\src\wolfssl\wolfssl\wolfcrypt\ed448.h">
      <Filter>src\wolfssl\wolfssl\wolfcrypt</Filter>
    </ClInclude>
    <ClInclude Include="..\..\..\..\src\wolfssl\wolfssl\wolfcrypt\error-crypt.h">
      <Filter>src\wolfssl\wolfssl\wolfcrypt</Filter>
    </ClInclude>
    <ClInclude Include="..\..\..\..\src\wolfssl\wolfssl\wolfcrypt\ext_lms.h">
      <Filter>src\wolfssl\wolfssl\wolfcrypt</Filter>
    </ClInclude>
    <ClInclude Include="..\..\..\..\src\wolfssl\wolfssl\wolfcrypt\ext_mlkem.h">
      <Filter>src\wolfssl\wolfssl\wolfcrypt</Filter>
    </ClInclude>
    <ClInclude Include="..\..\..\..\src\wolfssl\wolfssl\wolfcrypt\ext_xmss.h">
      <Filter>src\wolfssl\wolfssl\wolfcrypt</Filter>
    </ClInclude>
    <ClInclude Include="..\..\..\..\src\wolfssl\wolfssl\wolfcrypt\falcon.h">
      <Filter>src\wolfssl\wolfssl\wolfcrypt</Filter>
    </ClInclude>
    <ClInclude Include="..\..\..\..\src\wolfssl\wolfssl\wolfcrypt\fe_448.h">
      <Filter>src\wolfssl\wolfssl\wolfcrypt</Filter>
    </ClInclude>
    <ClInclude Include="..\..\..\..\src\wolfssl\wolfssl\wolfcrypt\fe_operations.h">
      <Filter>src\wolfssl\wolfssl\wolfcrypt</Filter>
    </ClInclude>
    <ClInclude Include="..\..\..\..\src\wolfssl\wolfssl\wolfcrypt\fips_test.h">
      <Filter>src\wolfssl\wolfssl\wolfcrypt</Filter>
    </ClInclude>
    <ClInclude Include="..\..\..\..\src\wolfssl\wolfssl\wolfcrypt\ge_448.h">
      <Filter>src\wolfssl\wolfssl\wolfcrypt</Filter>
    </ClInclude>
    <ClInclude Include="..\..\..\..\src\wolfssl\wolfssl\wolfcrypt\ge_operations.h">
      <Filter>src\wolfssl\wolfssl\wolfcrypt</Filter>
    </ClInclude>
    <ClInclude Include="..\..\..\..\src\wolfssl\wolfssl\wolfcrypt\hash.h">
      <Filter>src\wolfssl\wolfssl\wolfcrypt</Filter>
    </ClInclude>
    <ClInclude Include="..\..\..\..\src\wolfssl\wolfssl\wolfcrypt\hmac.h">
      <Filter>src\wolfssl\wolfssl\wolfcrypt</Filter>
    </ClInclude>
    <ClInclude Include="..\..\..\..\src\wolfssl\wolfssl\wolfcrypt\hpke.h">
      <Filter>src\wolfssl\wolfssl\wolfcrypt</Filter>
    </ClInclude>
    <ClInclude Include="..\..\..\..\src\wolfssl\wolfssl\wolfcrypt\integer.h">
      <Filter>src\wolfssl\wolfssl\wolfcrypt</Filter>
    </ClInclude>
    <ClInclude Include="..\..\..\..\src\wolfssl\wolfssl\wolfcrypt\kdf.h">
      <Filter>src\wolfssl\wolfssl\wolfcrypt</Filter>
    </ClInclude>
    <ClInclude Include="..\..\..\..\src\wolfssl\wolfssl\wolfcrypt\libwolfssl_sources.h">
      <Filter>src\wolfssl\wolfssl\wolfcrypt</Filter>
    </ClInclude>
    <ClInclude Include="..\..\..\..\src\wolfssl\wolfssl\wolfcrypt\libwolfssl_sources_asm.h">
      <Filter>src\wolfssl\wolfssl\wolfcrypt</Filter>
    </ClInclude>
    <ClInclude Include="..\..\..\..\src\wolfssl\wolfssl\wolfcrypt\lms.h">
      <Filter>src\wolfssl\wolfssl\wolfcrypt</Filter>
    </ClInclude>
    <ClInclude Include="..\..\..\..\src\wolfssl\wolfssl\wolfcrypt\logging.h">
      <Filter>src\wolfssl\wolfssl\wolfcrypt</Filter>
    </ClInclude>
    <ClInclude Include="..\..\..\..\src\wolfssl\wolfssl\wolfcrypt\md2.h">
      <Filter>src\wolfssl\wolfssl\wolfcrypt</Filter>
    </ClInclude>
    <ClInclude Include="..\..\..\..\src\wolfssl\wolfssl\wolfcrypt\md4.h">
      <Filter>src\wolfssl\wolfssl\wolfcrypt</Filter>
    </ClInclude>
    <ClInclude Include="..\..\..\..\src\wolfssl\wolfssl\wolfcrypt\md5.h">
      <Filter>src\wolfssl\wolfssl\wolfcrypt</Filter>
    </ClInclude>
    <ClInclude Include="..\..\..\..\src\wolfssl\wolfssl\wolfcrypt\mem_track.h">
      <Filter>src\wolfssl\wolfssl\wolfcrypt</Filter>
    </ClInclude>
    <ClInclude Include="..\..\..\..\src\wolfssl\wolfssl\wolfcrypt\memory.h">
      <Filter>src\wolfssl\wolfssl\wolfcrypt</Filter>
    </ClInclude>
    <ClInclude Include="..\..\..\..\src\wolfssl\wolfssl\wolfcrypt\misc.h">
      <Filter>src\wolfssl\wolfssl\wolfcrypt</Filter>
    </ClInclude>
    <ClInclude Include="..\..\..\..\src\wolfssl\wolfssl\wolfcrypt\mlkem.h">
      <Filter>src\wolfssl\wolfssl\wolfcrypt</Filter>
    </ClInclude>
    <ClInclude Include="..\..\..\..\src\wolfssl\wolfssl\wolfcrypt\mpi_class.h">
      <Filter>src\wolfssl\wolfssl\wolfcrypt</Filter>
    </ClInclude>
    <ClInclude Include="..\..\..\..\src\wolfssl\wolfssl\wolfcrypt\mpi_superclass.h">
      <Filter>src\wolfssl\wolfssl\wolfcrypt</Filter>
    </ClInclude>
    <ClInclude Include="..\..\..\..\src\wolfssl\wolfssl\wolfcrypt\oid_sum.h">
      <Filter>src\wolfssl\wolfssl\wolfcrypt</Filter>
    </ClInclude>
    <ClInclude Include="..\..\..\..\src\wolfssl\wolfssl\wolfcrypt\pkcs11.h">
      <Filter>src\wolfssl\wolfssl\wolfcrypt</Filter>
    </ClInclude>
    <ClInclude Include="..\..\..\..\src\wolfssl\wolfssl\wolfcrypt\pkcs12.h">
      <Filter>src\wolfssl\wolfssl\wolfcrypt</Filter>
    </ClInclude>
    <ClInclude Include="..\..\..\..\src\wolfssl\wolfssl\wolfcrypt\pkcs7.h">
      <Filter>src\wolfssl\wolfssl\wolfcrypt</Filter>
    </ClInclude>
    <ClInclude Include="..\..\..\..\src\wolfssl\wolfssl\wolfcrypt\poly1305.h">
      <Filter>src\wolfssl\wolfssl\wolfcrypt</Filter>
    </ClInclude>
    <ClInclude Include="..\..\..\..\src\wolfssl\wolfssl\wolfcrypt\pwdbased.h">
      <Filter>src\wolfssl\wolfssl\wolfcrypt</Filter>
    </ClInclude>
    <ClInclude Include="..\..\..\..\src\wolfssl\wolfssl\wolfcrypt\random.h">
      <Filter>src\wolfssl\wolfssl\wolfcrypt</Filter>
    </ClInclude>
    <ClInclude Include="..\..\..\..\src\wolfssl\wolfssl\wolfcrypt\rc2.h">
      <Filter>src\wolfssl\wolfssl\wolfcrypt</Filter>
    </ClInclude>
    <ClInclude Include="..\..\..\..\src\wolfssl\wolfssl\wolfcrypt\ripemd.h">
      <Filter>src\wolfssl\wolfssl\wolfcrypt</Filter>
    </ClInclude>
    <ClInclude Include="..\..\..\..\src\wolfssl\wolfssl\wolfcrypt\rsa.h">
      <Filter>src\wolfssl\wolfssl\wolfcrypt</Filter>
    </ClInclude>
    <ClInclude Include="..\..\..\..\src\wolfssl\wolfssl\wolfcrypt\sakke.h">
      <Filter>src\wolfssl\wolfssl\wolfcrypt</Filter>
    </ClInclude>
    <ClInclude Include="..\..\..\..\src\wolfssl\wolfssl\wolfcrypt\selftest.h">
      <Filter>src\wolfssl\wolfssl\wolfcrypt</Filter>
    </ClInclude>
    <ClInclude Include="..\..\..\..\src\wolfssl\wolfssl\wolfcrypt\settings.h">
      <Filter>src\wolfssl\wolfssl\wolfcrypt</Filter>
    </ClInclude>
    <ClInclude Include="..\..\..\..\src\wolfssl\wolfssl\wolfcrypt\sha.h">
      <Filter>src\wolfssl\wolfssl\wolfcrypt</Filter>
    </ClInclude>
    <ClInclude Include="..\..\..\..\src\wolfssl\wolfssl\wolfcrypt\sha256.h">
      <Filter>src\wolfssl\wolfssl\wolfcrypt</Filter>
    </ClInclude>
    <ClInclude Include="..\..\..\..\src\wolfssl\wolfssl\wolfcrypt\sha3.h">
      <Filter>src\wolfssl\wolfssl\wolfcrypt</Filter>
    </ClInclude>
    <ClInclude Include="..\..\..\..\src\wolfssl\wolfssl\wolfcrypt\sha512.h">
      <Filter>src\wolfssl\wolfssl\wolfcrypt</Filter>
    </ClInclude>
    <ClInclude Include="..\..\..\..\src\wolfssl\wolfssl\wolfcrypt\signature.h">
      <Filter>src\wolfssl\wolfssl\wolfcrypt</Filter>
    </ClInclude>
    <ClInclude Include="..\..\..\..\src\wolfssl\wolfssl\wolfcrypt\siphash.h">
      <Filter>src\wolfssl\wolfssl\wolfcrypt</Filter>
    </ClInclude>
    <ClInclude Include="..\..\..\..\src\wolfssl\wolfssl\wolfcrypt\sp.h">
      <Filter>src\wolfssl\wolfssl\wolfcrypt</Filter>
    </ClInclude>
    <ClInclude Include="..\..\..\..\src\wolfssl\wolfssl\wolfcrypt\sp_int.h">
      <Filter>src\wolfssl\wolfssl\wolfcrypt</Filter>
    </ClInclude>
    <ClInclude Include="..\..\..\..\src\wolfssl\wolfssl\wolfcrypt\sphincs.h">
      <Filter>src\wolfssl\wolfssl\wolfcrypt</Filter>
    </ClInclude>
    <ClInclude Include="..\..\..\..\src\wolfssl\wolfssl\wolfcrypt\srp.h">
      <Filter>src\wolfssl\wolfssl\wolfcrypt</Filter>
    </ClInclude>
    <ClInclude Include="..\..\..\..\src\wolfssl\wolfssl\wolfcrypt\tfm.h">
      <Filter>src\wolfssl\wolfssl\wolfcrypt</Filter>
    </ClInclude>
    <ClInclude Include="..\..\..\..\src\wolfssl\wolfssl\wolfcrypt\types.h">
      <Filter>src\wolfssl\wolfssl\wolfcrypt</Filter>
    </ClInclude>
    <ClInclude Include="..\..\..\..\src\wolfssl\wolfssl\wolfcrypt\user_settings.h">
      <Filter>src\wolfssl\wolfssl\wolfcrypt</Filter>
    </ClInclude>
    <ClInclude Include="..\..\..\..\src\wolfssl\wolfssl\wolfcrypt\visibility.h">
      <Filter>src\wolfssl\wolfssl\wolfcrypt</Filter>
    </ClInclude>
    <ClInclude Include="..\..\..\..\src\wolfssl\wolfssl\wolfcrypt\wc_encrypt.h">
      <Filter>src\wolfssl\wolfssl\wolfcrypt</Filter>
    </ClInclude>
    <ClInclude Include="..\..\..\..\src\wolfssl\wolfssl\wolfcrypt\wc_lms.h">
      <Filter>src\wolfssl\wolfssl\wolfcrypt</Filter>
    </ClInclude>
    <ClInclude Include="..\..\..\..\src\wolfssl\wolfssl\wolfcrypt\wc_mlkem.h">
      <Filter>src\wolfssl\wolfssl\wolfcrypt</Filter>
    </ClInclude>
    <ClInclude Include="..\..\..\..\src\wolfssl\wolfssl\wolfcrypt\wc_pkcs11.h">
      <Filter>src\wolfssl\wolfssl\wolfcrypt</Filter>
    </ClInclude>
    <ClInclude Include="..\..\..\..\src\wolfssl\wolfssl\wolfcrypt\wc_port.h">
      <Filter>src\wolfssl\wolfssl\wolfcrypt</Filter>
    </ClInclude>
    <ClInclude Include="..\..\..\..\src\wolfssl\wolfssl\wolfcrypt\wc_xmss.h">
      <Filter>src\wolfssl\wolfssl\wolfcrypt</Filter>
    </ClInclude>
    <ClInclude Include="..\..\..\..\src\wolfssl\wolfssl\wolfcrypt\wolfevent.h">
      <Filter>src\wolfssl\wolfssl\wolfcrypt</Filter>
    </ClInclude>
    <ClInclude Include="..\..\..\..\src\wolfssl\wolfssl\wolfcrypt\wolfmath.h">
      <Filter>src\wolfssl\wolfssl\wolfcrypt</Filter>
    </ClInclude>
    <ClInclude Include="..\..\..\..\src\wolfssl\wolfssl\wolfcrypt\xmss.h">
      <Filter>src\wolfssl\wolfssl\wolfcrypt</Filter>
    </ClInclude>
    <ClInclude Include="..\..\..\..\src\wolfssl\wolfssl\wolfio.h">
      <Filter>src\wolfssl\wolfssl</Filter>
    </ClInclude>
  </ItemGroup>
  <ItemGroup>
    <None Include="..\..\..\..\include\bitcoin\network\impl\async\desubscriber.ipp">
      <Filter>include\bitcoin\network\impl\async</Filter>
    </None>
    <None Include="..\..\..\..\include\bitcoin\network\impl\async\enable_shared_from_base.ipp">
      <Filter>include\bitcoin\network\impl\async</Filter>
    </None>
    <None Include="..\..\..\..\include\bitcoin\network\impl\async\races\race_all.ipp">
      <Filter>include\bitcoin\network\impl\async\races</Filter>
    </None>
    <None Include="..\..\..\..\include\bitcoin\network\impl\async\races\race_quality.ipp">
      <Filter>include\bitcoin\network\impl\async\races</Filter>
    </None>
    <None Include="..\..\..\..\include\bitcoin\network\impl\async\races\race_speed.ipp">
      <Filter>include\bitcoin\network\impl\async\races</Filter>
    </None>
    <None Include="..\..\..\..\include\bitcoin\network\impl\async\races\race_unity.ipp">
      <Filter>include\bitcoin\network\impl\async\races</Filter>
    </None>
    <None Include="..\..\..\..\include\bitcoin\network\impl\async\races\race_volume.ipp">
      <Filter>include\bitcoin\network\impl\async\races</Filter>
    </None>
    <None Include="..\..\..\..\include\bitcoin\network\impl\async\subscriber.ipp">
      <Filter>include\bitcoin\network\impl\async</Filter>
    </None>
    <None Include="..\..\..\..\include\bitcoin\network\impl\async\unsubscriber.ipp">
      <Filter>include\bitcoin\network\impl\async</Filter>
    </None>
    <None Include="..\..\..\..\include\bitcoin\network\impl\channels\channel_rpc.ipp">
      <Filter>include\bitcoin\network\impl\channels</Filter>
    </None>
    <None Include="..\..\..\..\include\bitcoin\network\impl\messages\json_body.ipp">
      <Filter>include\bitcoin\network\impl\messages</Filter>
    </None>
    <None Include="..\..\..\..\include\bitcoin\network\impl\messages\rpc\broadcaster.ipp">
      <Filter>include\bitcoin\network\impl\messages\rpc</Filter>
    </None>
    <None Include="..\..\..\..\include\bitcoin\network\impl\messages\rpc\dispatcher.ipp">
      <Filter>include\bitcoin\network\impl\messages\rpc</Filter>
    </None>
    <None Include="..\..\..\..\include\bitcoin\network\impl\protocols\protocol_rpc.ipp">
      <Filter>include\bitcoin\network\impl\protocols</Filter>
    </None>
    <None Include="packages.config" />
  </ItemGroup>
  <ItemGroup>
    <Natvis Include="..\..\debug.natvis" />
  </ItemGroup>
</Project>
