<?xml version="1.0" encoding="utf-8"?>
<!--
 |  Copyright (c) 2014-2025 libbitcoin-network developers (see COPYING).
 |
 |         GENERATED SOURCE CODE, DO NOT EDIT EXCEPT EXPERIMENTALLY
 |
 -->
<Project DefaultTargets="Build" ToolsVersion="4.0" xmlns="http://schemas.microsoft.com/developer/msbuild/2003">
  <ItemGroup>
    <Filter Include="src">
      <UniqueIdentifier>{D28FC18A-8B81-4247-0000-000000000000}</UniqueIdentifier>
    </Filter>
    <Filter Include="src\async">
      <UniqueIdentifier>{D28FC18A-8B81-4247-0000-000000000001}</UniqueIdentifier>
    </Filter>
    <Filter Include="src\async\races">
      <UniqueIdentifier>{D28FC18A-8B81-4247-0000-000000000009}</UniqueIdentifier>
    </Filter>
    <Filter Include="src\channels">
      <UniqueIdentifier>{D28FC18A-8B81-4247-0000-000000000002}</UniqueIdentifier>
    </Filter>
    <Filter Include="src\config">
      <UniqueIdentifier>{D28FC18A-8B81-4247-0000-000000000003}</UniqueIdentifier>
    </Filter>
    <Filter Include="src\log">
      <UniqueIdentifier>{D28FC18A-8B81-4247-0000-000000000004}</UniqueIdentifier>
    </Filter>
    <Filter Include="src\messages">
      <UniqueIdentifier>{D28FC18A-8B81-4247-0000-000000000005}</UniqueIdentifier>
    </Filter>
    <Filter Include="src\messages\http">
      <UniqueIdentifier>{D28FC18A-8B81-4247-0000-00000000000A}</UniqueIdentifier>
    </Filter>
    <Filter Include="src\messages\http\enums">
      <UniqueIdentifier>{D28FC18A-8B81-4247-0000-00000000000D}</UniqueIdentifier>
    </Filter>
    <Filter Include="src\messages\peer">
      <UniqueIdentifier>{D28FC18A-8B81-4247-0000-00000000000B}</UniqueIdentifier>
    </Filter>
    <Filter Include="src\messages\peer\detail">
      <UniqueIdentifier>{D28FC18A-8B81-4247-0000-00000000000E}</UniqueIdentifier>
    </Filter>
    <Filter Include="src\messages\peer\enums">
      <UniqueIdentifier>{D28FC18A-8B81-4247-0000-00000000000F}</UniqueIdentifier>
    </Filter>
    <Filter Include="src\messages\rpc">
      <UniqueIdentifier>{D28FC18A-8B81-4247-0000-00000000000C}</UniqueIdentifier>
    </Filter>
    <Filter Include="src\net">
      <UniqueIdentifier>{D28FC18A-8B81-4247-0000-000000000006}</UniqueIdentifier>
    </Filter>
    <Filter Include="src\protocols">
      <UniqueIdentifier>{D28FC18A-8B81-4247-0000-000000000007}</UniqueIdentifier>
    </Filter>
    <Filter Include="src\sessions">
      <UniqueIdentifier>{D28FC18A-8B81-4247-0000-000000000008}</UniqueIdentifier>
    </Filter>
  </ItemGroup>
  <ItemGroup>
    <ClCompile Include="..\..\..\..\test\async\desubscriber.cpp">
      <Filter>src\async</Filter>
    </ClCompile>
    <ClCompile Include="..\..\..\..\test\async\enable_shared_from_base.cpp">
      <Filter>src\async</Filter>
    </ClCompile>
    <ClCompile Include="..\..\..\..\test\async\races\race_all.cpp">
      <Filter>src\async\races</Filter>
    </ClCompile>
    <ClCompile Include="..\..\..\..\test\async\races\race_quality.cpp">
      <Filter>src\async\races</Filter>
    </ClCompile>
    <ClCompile Include="..\..\..\..\test\async\races\race_speed.cpp">
      <Filter>src\async\races</Filter>
    </ClCompile>
    <ClCompile Include="..\..\..\..\test\async\races\race_unity.cpp">
      <Filter>src\async\races</Filter>
    </ClCompile>
    <ClCompile Include="..\..\..\..\test\async\races\race_volume.cpp">
      <Filter>src\async\races</Filter>
    </ClCompile>
    <ClCompile Include="..\..\..\..\test\async\subscriber.cpp">
      <Filter>src\async</Filter>
    </ClCompile>
    <ClCompile Include="..\..\..\..\test\async\thread.cpp">
      <Filter>src\async</Filter>
    </ClCompile>
    <ClCompile Include="..\..\..\..\test\async\threadpool.cpp">
      <Filter>src\async</Filter>
    </ClCompile>
    <ClCompile Include="..\..\..\..\test\async\time.cpp">
      <Filter>src\async</Filter>
    </ClCompile>
    <ClCompile Include="..\..\..\..\test\async\unsubscriber.cpp">
      <Filter>src\async</Filter>
    </ClCompile>
    <ClCompile Include="..\..\..\..\test\channels\channel.cpp">
      <Filter>src\channels</Filter>
    </ClCompile>
    <ClCompile Include="..\..\..\..\test\channels\channel_http.cpp">
      <Filter>src\channels</Filter>
    </ClCompile>
    <ClCompile Include="..\..\..\..\test\channels\channel_peer.cpp">
      <Filter>src\channels</Filter>
    </ClCompile>
    <ClCompile Include="..\..\..\..\test\channels\channel_rpc.cpp">
      <Filter>src\channels</Filter>
    </ClCompile>
    <ClCompile Include="..\..\..\..\test\channels\channel_ws.cpp">
      <Filter>src\channels</Filter>
    </ClCompile>
    <ClCompile Include="..\..\..\..\test\config\address.cpp">
      <Filter>src\config</Filter>
    </ClCompile>
    <ClCompile Include="..\..\..\..\test\config\authority.cpp">
      <Filter>src\config</Filter>
    </ClCompile>
    <ClCompile Include="..\..\..\..\test\config\endpoint.cpp">
      <Filter>src\config</Filter>
    </ClCompile>
    <ClCompile Include="..\..\..\..\test\config\utilities.cpp">
      <Filter>src\config</Filter>
    </ClCompile>
    <ClCompile Include="..\..\..\..\test\error.cpp">
      <Filter>src</Filter>
    </ClCompile>
    <ClCompile Include="..\..\..\..\test\log\timer.cpp">
      <Filter>src\log</Filter>
    </ClCompile>
    <ClCompile Include="..\..\..\..\test\log\tracker.cpp">
      <Filter>src\log</Filter>
    </ClCompile>
    <ClCompile Include="..\..\..\..\test\main.cpp">
      <Filter>src</Filter>
    </ClCompile>
    <ClCompile Include="..\..\..\..\test\memory.cpp">
      <Filter>src</Filter>
    </ClCompile>
    <ClCompile Include="..\..\..\..\test\messages\http\enums\magic_numbers.cpp">
      <Filter>src\messages\http\enums</Filter>
    </ClCompile>
    <ClCompile Include="..\..\..\..\test\messages\http\enums\media_type.cpp">
      <Filter>src\messages\http\enums</Filter>
    </ClCompile>
    <ClCompile Include="..\..\..\..\test\messages\http\enums\target.cpp">
      <Filter>src\messages\http\enums</Filter>
    </ClCompile>
    <ClCompile Include="..\..\..\..\test\messages\http\fields.cpp">
      <Filter>src\messages\http</Filter>
    </ClCompile>
    <ClCompile Include="..\..\..\..\test\messages\http\method.cpp">
      <Filter>src\messages\http</Filter>
    </ClCompile>
    <ClCompile Include="..\..\..\..\test\messages\http_body_reader.cpp">
      <Filter>src\messages</Filter>
    </ClCompile>
    <ClCompile Include="..\..\..\..\test\messages\http_body_writer.cpp">
      <Filter>src\messages</Filter>
    </ClCompile>
    <ClCompile Include="..\..\..\..\test\messages\json_body_reader.cpp">
      <Filter>src\messages</Filter>
    </ClCompile>
    <ClCompile Include="..\..\..\..\test\messages\json_body_writer.cpp">
      <Filter>src\messages</Filter>
    </ClCompile>
    <ClCompile Include="..\..\..\..\test\messages\peer\detail\address.cpp">
      <Filter>src\messages\peer\detail</Filter>
    </ClCompile>
    <ClCompile Include="..\..\..\..\test\messages\peer\detail\address_item.cpp">
      <Filter>src\messages\peer\detail</Filter>
    </ClCompile>
    <ClCompile Include="..\..\..\..\test\messages\peer\detail\alert.cpp">
      <Filter>src\messages\peer\detail</Filter>
    </ClCompile>
    <ClCompile Include="..\..\..\..\test\messages\peer\detail\alert_item.cpp">
      <Filter>src\messages\peer\detail</Filter>
    </ClCompile>
    <ClCompile Include="..\..\..\..\test\messages\peer\detail\block.cpp">
      <Filter>src\messages\peer\detail</Filter>
    </ClCompile>
    <ClCompile Include="..\..\..\..\test\messages\peer\detail\bloom_filter_add.cpp">
      <Filter>src\messages\peer\detail</Filter>
    </ClCompile>
    <ClCompile Include="..\..\..\..\test\messages\peer\detail\bloom_filter_clear.cpp">
      <Filter>src\messages\peer\detail</Filter>
    </ClCompile>
    <ClCompile Include="..\..\..\..\test\messages\peer\detail\bloom_filter_load.cpp">
      <Filter>src\messages\peer\detail</Filter>
    </ClCompile>
    <ClCompile Include="..\..\..\..\test\messages\peer\detail\client_filter.cpp">
      <Filter>src\messages\peer\detail</Filter>
    </ClCompile>
    <ClCompile Include="..\..\..\..\test\messages\peer\detail\client_filter_checkpoint.cpp">
      <Filter>src\messages\peer\detail</Filter>
    </ClCompile>
    <ClCompile Include="..\..\..\..\test\messages\peer\detail\client_filter_headers.cpp">
      <Filter>src\messages\peer\detail</Filter>
    </ClCompile>
    <ClCompile Include="..\..\..\..\test\messages\peer\detail\compact_block.cpp">
      <Filter>src\messages\peer\detail</Filter>
    </ClCompile>
    <ClCompile Include="..\..\..\..\test\messages\peer\detail\compact_block_item.cpp">
      <Filter>src\messages\peer\detail</Filter>
    </ClCompile>
    <ClCompile Include="..\..\..\..\test\messages\peer\detail\compact_transactions.cpp">
      <Filter>src\messages\peer\detail</Filter>
    </ClCompile>
    <ClCompile Include="..\..\..\..\test\messages\peer\detail\fee_filter.cpp">
      <Filter>src\messages\peer\detail</Filter>
    </ClCompile>
    <ClCompile Include="..\..\..\..\test\messages\peer\detail\get_address.cpp">
      <Filter>src\messages\peer\detail</Filter>
    </ClCompile>
    <ClCompile Include="..\..\..\..\test\messages\peer\detail\get_blocks.cpp">
      <Filter>src\messages\peer\detail</Filter>
    </ClCompile>
    <ClCompile Include="..\..\..\..\test\messages\peer\detail\get_client_filter_checkpoint.cpp">
      <Filter>src\messages\peer\detail</Filter>
    </ClCompile>
    <ClCompile Include="..\..\..\..\test\messages\peer\detail\get_client_filter_headers.cpp">
      <Filter>src\messages\peer\detail</Filter>
    </ClCompile>
    <ClCompile Include="..\..\..\..\test\messages\peer\detail\get_client_filters.cpp">
      <Filter>src\messages\peer\detail</Filter>
    </ClCompile>
    <ClCompile Include="..\..\..\..\test\messages\peer\detail\get_compact_transactions.cpp">
      <Filter>src\messages\peer\detail</Filter>
    </ClCompile>
    <ClCompile Include="..\..\..\..\test\messages\peer\detail\get_data.cpp">
      <Filter>src\messages\peer\detail</Filter>
    </ClCompile>
    <ClCompile Include="..\..\..\..\test\messages\peer\detail\get_headers.cpp">
      <Filter>src\messages\peer\detail</Filter>
    </ClCompile>
    <ClCompile Include="..\..\..\..\test\messages\peer\detail\headers.cpp">
      <Filter>src\messages\peer\detail</Filter>
    </ClCompile>
    <ClCompile Include="..\..\..\..\test\messages\peer\detail\inventory.cpp">
      <Filter>src\messages\peer\detail</Filter>
    </ClCompile>
    <ClCompile Include="..\..\..\..\test\messages\peer\detail\inventory_item.cpp">
      <Filter>src\messages\peer\detail</Filter>
    </ClCompile>
    <ClCompile Include="..\..\..\..\test\messages\peer\detail\memory_pool.cpp">
      <Filter>src\messages\peer\detail</Filter>
    </ClCompile>
    <ClCompile Include="..\..\..\..\test\messages\peer\detail\merkle_block.cpp">
      <Filter>src\messages\peer\detail</Filter>
    </ClCompile>
    <ClCompile Include="..\..\..\..\test\messages\peer\detail\not_found.cpp">
      <Filter>src\messages\peer\detail</Filter>
    </ClCompile>
    <ClCompile Include="..\..\..\..\test\messages\peer\detail\ping.cpp">
      <Filter>src\messages\peer\detail</Filter>
    </ClCompile>
    <ClCompile Include="..\..\..\..\test\messages\peer\detail\pong.cpp">
      <Filter>src\messages\peer\detail</Filter>
    </ClCompile>
    <ClCompile Include="..\..\..\..\test\messages\peer\detail\reject.cpp">
      <Filter>src\messages\peer\detail</Filter>
    </ClCompile>
    <ClCompile Include="..\..\..\..\test\messages\peer\detail\send_address_v2.cpp">
      <Filter>src\messages\peer\detail</Filter>
    </ClCompile>
    <ClCompile Include="..\..\..\..\test\messages\peer\detail\send_compact.cpp">
      <Filter>src\messages\peer\detail</Filter>
    </ClCompile>
    <ClCompile Include="..\..\..\..\test\messages\peer\detail\send_headers.cpp">
      <Filter>src\messages\peer\detail</Filter>
    </ClCompile>
    <ClCompile Include="..\..\..\..\test\messages\peer\detail\transaction.cpp">
      <Filter>src\messages\peer\detail</Filter>
    </ClCompile>
    <ClCompile Include="..\..\..\..\test\messages\peer\detail\version.cpp">
      <Filter>src\messages\peer\detail</Filter>
    </ClCompile>
    <ClCompile Include="..\..\..\..\test\messages\peer\detail\version_acknowledge.cpp">
      <Filter>src\messages\peer\detail</Filter>
    </ClCompile>
    <ClCompile Include="..\..\..\..\test\messages\peer\detail\witness_tx_id_relay.cpp">
      <Filter>src\messages\peer\detail</Filter>
    </ClCompile>
    <ClCompile Include="..\..\..\..\test\messages\peer\enums\identifier.cpp">
      <Filter>src\messages\peer\enums</Filter>
    </ClCompile>
    <ClCompile Include="..\..\..\..\test\messages\peer\enums\level.cpp">
      <Filter>src\messages\peer\enums</Filter>
    </ClCompile>
    <ClCompile Include="..\..\..\..\test\messages\peer\enums\magic_numbers.cpp">
      <Filter>src\messages\peer\enums</Filter>
    </ClCompile>
    <ClCompile Include="..\..\..\..\test\messages\peer\enums\service.cpp">
      <Filter>src\messages\peer\enums</Filter>
    </ClCompile>
    <ClCompile Include="..\..\..\..\test\messages\peer\heading.cpp">
      <Filter>src\messages\peer</Filter>
    </ClCompile>
    <ClCompile Include="..\..\..\..\test\messages\peer\message.cpp">
      <Filter>src\messages\peer</Filter>
    </ClCompile>
    <ClCompile Include="..\..\..\..\test\messages\rpc\any.cpp">
      <Filter>src\messages\rpc</Filter>
    </ClCompile>
    <ClCompile Include="..\..\..\..\test\messages\rpc\body_reader.cpp">
      <Filter>src\messages\rpc</Filter>
    </ClCompile>
    <ClCompile Include="..\..\..\..\test\messages\rpc\body_writer.cpp">
      <Filter>src\messages\rpc</Filter>
    </ClCompile>
    <ClCompile Include="..\..\..\..\test\messages\rpc\broadcaster.cpp">
      <Filter>src\messages\rpc</Filter>
    </ClCompile>
    <ClCompile Include="..\..\..\..\test\messages\rpc\dispatcher.cpp">
      <Filter>src\messages\rpc</Filter>
    </ClCompile>
    <ClCompile Include="..\..\..\..\test\messages\rpc\method.cpp">
      <Filter>src\messages\rpc</Filter>
    </ClCompile>
    <ClCompile Include="..\..\..\..\test\messages\rpc\types.cpp">
      <Filter>src\messages\rpc</Filter>
    </ClCompile>
    <ClCompile Include="..\..\..\..\test\net.cpp">
      <Filter>src</Filter>
    </ClCompile>
    <ClCompile Include="..\..\..\..\test\net\acceptor.cpp">
      <Filter>src\net</Filter>
    </ClCompile>
    <ClCompile Include="..\..\..\..\test\net\connector.cpp">
      <Filter>src\net</Filter>
    </ClCompile>
    <ClCompile Include="..\..\..\..\test\net\deadline.cpp">
      <Filter>src\net</Filter>
    </ClCompile>
    <ClCompile Include="..\..\..\..\test\net\hosts.cpp">
      <Filter>src\net</Filter>
    </ClCompile>
    <ClCompile Include="..\..\..\..\test\net\proxy.cpp">
      <Filter>src\net</Filter>
    </ClCompile>
    <ClCompile Include="..\..\..\..\test\net\socket.cpp">
      <Filter>src\net</Filter>
    </ClCompile>
    <ClCompile Include="..\..\..\..\test\protocols\protocol.cpp">
      <Filter>src\protocols</Filter>
    </ClCompile>
    <ClCompile Include="..\..\..\..\test\protocols\protocol_address_in_209.cpp">
      <Filter>src\protocols</Filter>
    </ClCompile>
    <ClCompile Include="..\..\..\..\test\protocols\protocol_address_out_209.cpp">
      <Filter>src\protocols</Filter>
    </ClCompile>
    <ClCompile Include="..\..\..\..\test\protocols\protocol_alert_311.cpp">
      <Filter>src\protocols</Filter>
    </ClCompile>
    <ClCompile Include="..\..\..\..\test\protocols\protocol_http.cpp">
      <Filter>src\protocols</Filter>
    </ClCompile>
    <ClCompile Include="..\..\..\..\test\protocols\protocol_peer.cpp">
      <Filter>src\protocols</Filter>
    </ClCompile>
    <ClCompile Include="..\..\..\..\test\protocols\protocol_ping_106.cpp">
      <Filter>src\protocols</Filter>
    </ClCompile>
    <ClCompile Include="..\..\..\..\test\protocols\protocol_ping_60001.cpp">
      <Filter>src\protocols</Filter>
    </ClCompile>
    <ClCompile Include="..\..\..\..\test\protocols\protocol_reject_70002.cpp">
      <Filter>src\protocols</Filter>
    </ClCompile>
    <ClCompile Include="..\..\..\..\test\protocols\protocol_seed_209.cpp">
      <Filter>src\protocols</Filter>
    </ClCompile>
    <ClCompile Include="..\..\..\..\test\protocols\protocol_version_106.cpp">
      <Filter>src\protocols</Filter>
    </ClCompile>
    <ClCompile Include="..\..\..\..\test\protocols\protocol_version_70001.cpp">
      <Filter>src\protocols</Filter>
    </ClCompile>
    <ClCompile Include="..\..\..\..\test\protocols\protocol_version_70002.cpp">
      <Filter>src\protocols</Filter>
    </ClCompile>
    <ClCompile Include="..\..\..\..\test\protocols\protocol_version_70016.cpp">
      <Filter>src\protocols</Filter>
    </ClCompile>
    <ClCompile Include="..\..\..\..\test\sessions\session.cpp">
      <Filter>src\sessions</Filter>
    </ClCompile>
    <ClCompile Include="..\..\..\..\test\sessions\session_html.cpp">
      <Filter>src\sessions</Filter>
    </ClCompile>
    <ClCompile Include="..\..\..\..\test\sessions\session_inbound.cpp">
      <Filter>src\sessions</Filter>
    </ClCompile>
    <ClCompile Include="..\..\..\..\test\sessions\session_manual.cpp">
      <Filter>src\sessions</Filter>
    </ClCompile>
    <ClCompile Include="..\..\..\..\test\sessions\session_outbound.cpp">
      <Filter>src\sessions</Filter>
    </ClCompile>
    <ClCompile Include="..\..\..\..\test\sessions\session_seed.cpp">
      <Filter>src\sessions</Filter>
    </ClCompile>
    <ClCompile Include="..\..\..\..\test\sessions\session_server.cpp">
      <Filter>src\sessions</Filter>
    </ClCompile>
    <ClCompile Include="..\..\..\..\test\settings.cpp">
      <Filter>src</Filter>
    </ClCompile>
    <ClCompile Include="..\..\..\..\test\test.cpp">
      <Filter>src</Filter>
    </ClCompile>
  </ItemGroup>
  <ItemGroup>
    <ClInclude Include="..\..\..\..\test\test.hpp">
      <Filter>src</Filter>
    </ClInclude>
  </ItemGroup>
  <ItemGroup>
    <None Include="packages.config" />
  </ItemGroup>
  <ItemGroup>
    <Natvis Include="..\..\debug.natvis" />
  </ItemGroup>
</Project>
